PODS:
  - AppAuth (1.4.0):
    - AppAuth/Core (= 1.4.0)
    - AppAuth/ExternalUserAgent (= 1.4.0)
  - AppAuth/Core (1.4.0)
  - AppAuth/ExternalUserAgent (1.4.0)
  - GoogleAPIClientForREST/Core (1.6.0):
    - GTMSessionFetcher (>= 1.6.1)
  - GoogleAPIClientForREST/Drive (1.6.0):
    - GoogleAPIClientForREST/Core
    - GTMSessionFetcher (>= 1.6.1)
  - GoogleSignIn (6.0.2):
    - AppAuth (~> 1.4)
    - GTMAppAuth (~> 1.0)
    - GTMSessionFetcher/Core (~> 1.1)
  - GTMAppAuth (1.2.2):
    - AppAuth/Core (~> 1.4)
    - GTMSessionFetcher/Core (~> 1.5)
  - GTMSessionFetcher (1.7.0):
    - GTMSessionFetcher/Full (= 1.7.0)
  - GTMSessionFetcher/Core (1.7.0)
  - GTMSessionFetcher/Full (1.7.0):
    - GTMSessionFetcher/Core (= 1.7.0)

DEPENDENCIES:
  - GoogleAPIClientForREST/Drive
  - GoogleSignIn

SPEC REPOS:
  trunk:
    - AppAuth
    - GoogleAPIClientForREST
    - GoogleSignIn
    - GTMAppAuth
    - GTMSessionFetcher

SPEC CHECKSUMS:
  AppAuth: 31bcec809a638d7bd2f86ea8a52bd45f6e81e7c7
  GoogleAPIClientForREST: 5183df28e7bcb7b7b41ebd558e16083cfed60d99
  GoogleSignIn: fd381840dbe7c1137aa6dc30849a5c3e070c034a
  GTMAppAuth: ad5c2b70b9a8689e1a04033c9369c4915bfcbe89
  GTMSessionFetcher: 43748f93435c2aa068b1cbe39655aaf600652e91

PODFILE CHECKSUM: fc57743604b49f3e72cdbe12bb538a17d8f05b5a

COCOAPODS: 1.11.2
