// !$*UTF8*$!
{
	archiveVersion = 1;
	classes = {
	};
	objectVersion = 55;
	objects = {

/* Begin PBXBuildFile section */
		10523E7040914B5C3967D34F /* libPods-MemoryBread.a in Frameworks */ = {isa = PBXBuildFile; fileRef = 83F35008E123FB08E3688565 /* libPods-MemoryBread.a */; };
		40060F8C272D5D1800BA7A34 /* EditContentViewController.swift in Sources */ = {isa = PBXBuildFile; fileRef = 40060F8B272D5D1800BA7A34 /* EditContentViewController.swift */; };
		40060F8E272D5D5100BA7A34 /* FilterColor.swift in Sources */ = {isa = PBXBuildFile; fileRef = 40060F8D272D5D5100BA7A34 /* FilterColor.swift */; };
		40060F90272D77F500BA7A34 /* UIColor+CustomColor.swift in Sources */ = {isa = PBXBuildFile; fileRef = 40060F8F272D77F500BA7A34 /* UIColor+CustomColor.swift */; };
		40060F93272D9A3200BA7A34 /* BreadListCell.swift in Sources */ = {isa = PBXBuildFile; fileRef = 40060F92272D9A3200BA7A34 /* BreadListCell.swift */; };
		40060F95272D9EEE00BA7A34 /* BreadListViewController.swift in Sources */ = {isa = PBXBuildFile; fileRef = 40060F94272D9EEE00BA7A34 /* BreadListViewController.swift */; };
		4013F5BB2748B55100E03F5F /* WordPainter.swift in Sources */ = {isa = PBXBuildFile; fileRef = 4013F5BA2748B55100E03F5F /* WordPainter.swift */; };
		4013F5BE274BDB0700E03F5F /* Tutorial.swift in Sources */ = {isa = PBXBuildFile; fileRef = 4013F5BD274BDB0700E03F5F /* Tutorial.swift */; };
		4013F5C1274D143500E03F5F /* Localizable.strings in Resources */ = {isa = PBXBuildFile; fileRef = 4013F5C3274D143500E03F5F /* Localizable.strings */; };
		4013F5C7274E5C4700E03F5F /* LocalizingHelper.swift in Sources */ = {isa = PBXBuildFile; fileRef = 4013F5C6274E5C4700E03F5F /* LocalizingHelper.swift */; };
		4015CD0F2797F7B400D14EDB /* FoldersViewController.swift in Sources */ = {isa = PBXBuildFile; fileRef = 4015CD0E2797F7B400D14EDB /* FoldersViewController.swift */; };
		401AD42C277EB8B60038C9FD /* BottomToolbar.swift in Sources */ = {isa = PBXBuildFile; fileRef = 401AD42B277EB8B60038C9FD /* BottomToolbar.swift */; };
		40245D0227293547002E84A8 /* Bread+CoreDataClass.swift in Sources */ = {isa = PBXBuildFile; fileRef = 40245D0027293547002E84A8 /* Bread+CoreDataClass.swift */; };
		402981FF27D11BED004F9C96 /* TextFieldAlertActionEnabling.swift in Sources */ = {isa = PBXBuildFile; fileRef = 402981FE27D11BED004F9C96 /* TextFieldAlertActionEnabling.swift */; };
		4029820127D336D9004F9C96 /* MoveBreadViewControllerPresentable.swift in Sources */ = {isa = PBXBuildFile; fileRef = 4029820027D336D9004F9C96 /* MoveBreadViewControllerPresentable.swift */; };
		402D339E27DDF26B00D6B8FD /* Model-V1-to-V2.xcmappingmodel in Sources */ = {isa = PBXBuildFile; fileRef = 402D339D27DDF26B00D6B8FD /* Model-V1-to-V2.xcmappingmodel */; };
		40370D6B27BCF64A00D87BB3 /* NSManagedObjectContext+Save.swift in Sources */ = {isa = PBXBuildFile; fileRef = 40370D6A27BCF64A00D87BB3 /* NSManagedObjectContext+Save.swift */; };
		40370D6F27BD12F700D87BB3 /* SubTitleView.swift in Sources */ = {isa = PBXBuildFile; fileRef = 40370D6E27BD12F700D87BB3 /* SubTitleView.swift */; };
		403E63F227688F1A00B787A4 /* RemoteDriveCell.swift in Sources */ = {isa = PBXBuildFile; fileRef = 403E63F127688F1A00B787A4 /* RemoteDriveCell.swift */; };
		403E63F42768903400B787A4 /* DriveAuthInfo.swift in Sources */ = {isa = PBXBuildFile; fileRef = 403E63F32768903400B787A4 /* DriveAuthInfo.swift */; };
		40534A1127B69E89002C7E6B /* MoveBreadViewController.swift in Sources */ = {isa = PBXBuildFile; fileRef = 40534A1027B69E89002C7E6B /* MoveBreadViewController.swift */; };
		40534A1427B6A772002C7E6B /* MoveBreadModel.swift in Sources */ = {isa = PBXBuildFile; fileRef = 40534A1327B6A772002C7E6B /* MoveBreadModel.swift */; };
		40534A1627B6CCB4002C7E6B /* MoveFolderListCell.swift in Sources */ = {isa = PBXBuildFile; fileRef = 40534A1527B6CCB4002C7E6B /* MoveFolderListCell.swift */; };
		405EC17E27661E200031C19D /* ExcelReader.swift in Sources */ = {isa = PBXBuildFile; fileRef = 405EC17D27661E200031C19D /* ExcelReader.swift */; };
		405EC18127661E8E0031C19D /* CoreXLSX in Frameworks */ = {isa = PBXBuildFile; productRef = 405EC18027661E8E0031C19D /* CoreXLSX */; };
		405EC184276738C40031C19D /* GDDownloader.swift in Sources */ = {isa = PBXBuildFile; fileRef = 405EC1772764D5C60031C19D /* GDDownloader.swift */; };
		405EC185276738C60031C19D /* FileObject.swift in Sources */ = {isa = PBXBuildFile; fileRef = 405EC1792766086E0031C19D /* FileObject.swift */; };
		405EC189276744400031C19D /* RemoteDriveAuthViewController.swift in Sources */ = {isa = PBXBuildFile; fileRef = 405EC188276744400031C19D /* RemoteDriveAuthViewController.swift */; };
		40743F9C27A50004009748EC /* FolderListCell.swift in Sources */ = {isa = PBXBuildFile; fileRef = 40743F9B27A50004009748EC /* FolderListCell.swift */; };
		4088CEBF272A74030071134E /* HorizontalToolbar.swift in Sources */ = {isa = PBXBuildFile; fileRef = 4088CEBE272A74030071134E /* HorizontalToolbar.swift */; };
		408B204627C65E5D0067687D /* FolderModel.swift in Sources */ = {isa = PBXBuildFile; fileRef = 408B204527C65E5D0067687D /* FolderModel.swift */; };
		40953946279084930047B72F /* RoundedButton.swift in Sources */ = {isa = PBXBuildFile; fileRef = 40953945279084930047B72F /* RoundedButton.swift */; };
		40992F3827E8D8DE0010E0A5 /* ContextSaveError.swift in Sources */ = {isa = PBXBuildFile; fileRef = 40992F3727E8D8DE0010E0A5 /* ContextSaveError.swift */; };
		40992F3A27E8E0210010E0A5 /* FolderNameBlackList.swift in Sources */ = {isa = PBXBuildFile; fileRef = 40992F3927E8E0210010E0A5 /* FolderNameBlackList.swift */; };
		409BFB162780744C00F00E52 /* GDDownloaderError.swift in Sources */ = {isa = PBXBuildFile; fileRef = 409BFB152780744C00F00E52 /* GDDownloaderError.swift */; };
		409BFB1827808FB800F00E52 /* Notification.Name+RemoteDrive.swift in Sources */ = {isa = PBXBuildFile; fileRef = 409BFB1727808FB800F00E52 /* Notification.Name+RemoteDrive.swift */; };
		409CC8FE27327311009B9AA1 /* UserManager.swift in Sources */ = {isa = PBXBuildFile; fileRef = 409CC8FD27327311009B9AA1 /* UserManager.swift */; };
		409D9664276B12DC00EB8220 /* APIKeys.swift in Sources */ = {isa = PBXBuildFile; fileRef = 409D9663276B12DC00EB8220 /* APIKeys.swift */; };
		409D9667276B152300EB8220 /* DriveAuthModel.swift in Sources */ = {isa = PBXBuildFile; fileRef = 409D9666276B152300EB8220 /* DriveAuthModel.swift */; };
		409D966A276B66C400EB8220 /* BasicAlert.swift in Sources */ = {isa = PBXBuildFile; fileRef = 409D9669276B66C400EB8220 /* BasicAlert.swift */; };
		409F1586273AA8E200011DC6 /* SupplemantaryTitleView.swift in Sources */ = {isa = PBXBuildFile; fileRef = 409F1585273AA8E200011DC6 /* SupplemantaryTitleView.swift */; };
		40B0C1E927AA5F94005F2C6E /* BreadListView.swift in Sources */ = {isa = PBXBuildFile; fileRef = 40B0C1E827AA5F94005F2C6E /* BreadListView.swift */; };
		40B176B7277DD0EB00F0B46B /* ExcelReaderError.swift in Sources */ = {isa = PBXBuildFile; fileRef = 40B176B6277DD0EB00F0B46B /* ExcelReaderError.swift */; };
		40B176B9277DD65000F0B46B /* LoadingViewController.swift in Sources */ = {isa = PBXBuildFile; fileRef = 40B176B8277DD65000F0B46B /* LoadingViewController.swift */; };
		40C8DE2527259F5300B8C5FC /* AppDelegate.swift in Sources */ = {isa = PBXBuildFile; fileRef = 40C8DE2427259F5300B8C5FC /* AppDelegate.swift */; };
		40C8DE2727259F5300B8C5FC /* SceneDelegate.swift in Sources */ = {isa = PBXBuildFile; fileRef = 40C8DE2627259F5300B8C5FC /* SceneDelegate.swift */; };
		40C8DE2F27259F5300B8C5FC /* MemoryBread.xcdatamodeld in Sources */ = {isa = PBXBuildFile; fileRef = 40C8DE2D27259F5300B8C5FC /* MemoryBread.xcdatamodeld */; };
		40C8DE3127259F5500B8C5FC /* Assets.xcassets in Resources */ = {isa = PBXBuildFile; fileRef = 40C8DE3027259F5500B8C5FC /* Assets.xcassets */; };
		40C8DE3427259F5500B8C5FC /* LaunchScreen.storyboard in Resources */ = {isa = PBXBuildFile; fileRef = 40C8DE3227259F5500B8C5FC /* LaunchScreen.storyboard */; };
		40C8DE3D27259F6700B8C5FC /* SnapKit in Frameworks */ = {isa = PBXBuildFile; productRef = 40C8DE3C27259F6700B8C5FC /* SnapKit */; };
		40C8DE4027259F7300B8C5FC /* Then in Frameworks */ = {isa = PBXBuildFile; productRef = 40C8DE3F27259F7300B8C5FC /* Then */; };
		40C8DE4227259F8500B8C5FC /* WordCell.swift in Sources */ = {isa = PBXBuildFile; fileRef = 40C8DE4127259F8500B8C5FC /* WordCell.swift */; };
		40D0DF52279BF85600F4448E /* Folder+CoreDataClass.swift in Sources */ = {isa = PBXBuildFile; fileRef = 40D0DF50279BF85600F4448E /* Folder+CoreDataClass.swift */; };
		40D0DF55279BF8AC00F4448E /* FolderMigrationV1toV2.swift in Sources */ = {isa = PBXBuildFile; fileRef = 40D0DF54279BF8AC00F4448E /* FolderMigrationV1toV2.swift */; };
		40D0DF5A279C658300F4448E /* UICollectionViewDataSource+Reload.swift in Sources */ = {isa = PBXBuildFile; fileRef = 40D0DF59279C658300F4448E /* UICollectionViewDataSource+Reload.swift */; };
		40D0DF5C279FD0B500F4448E /* Array+subscript.swift in Sources */ = {isa = PBXBuildFile; fileRef = 40D0DF5B279FD0B500F4448E /* Array+subscript.swift */; };
		40D65711276DEA210059A595 /* FileListCell.swift in Sources */ = {isa = PBXBuildFile; fileRef = 40D65710276DEA210059A595 /* FileListCell.swift */; };
		40D65713276DFC470059A595 /* GDDownload.swift in Sources */ = {isa = PBXBuildFile; fileRef = 40D65712276DFC470059A595 /* GDDownload.swift */; };
		40D65716276E3FA20059A595 /* DriveFileListViewController.swift in Sources */ = {isa = PBXBuildFile; fileRef = 40D65715276E3FA20059A595 /* DriveFileListViewController.swift */; };
		40D87E9A277B440A00CCB28D /* CoreDataStack.swift in Sources */ = {isa = PBXBuildFile; fileRef = 40D87E99277B440A00CCB28D /* CoreDataStack.swift */; };
		40D91BEF27708DDF002E588D /* OrderedDictionary.swift in Sources */ = {isa = PBXBuildFile; fileRef = 40D91BEE27708DDF002E588D /* OrderedDictionary.swift */; };
		40D91BF22773474B002E588D /* DriveFileHelper.swift in Sources */ = {isa = PBXBuildFile; fileRef = 40D91BF12773474A002E588D /* DriveFileHelper.swift */; };
		40F1D608273D70320053AB73 /* String+Helper.swift in Sources */ = {isa = PBXBuildFile; fileRef = 40F1D607273D70320053AB73 /* String+Helper.swift */; };
		40F1D60A273E65020053AB73 /* DateHelper.swift in Sources */ = {isa = PBXBuildFile; fileRef = 40F1D609273E65020053AB73 /* DateHelper.swift */; };
		40F644AF27EDFA1200258BFD /* SettingViewController.swift in Sources */ = {isa = PBXBuildFile; fileRef = 40F644AE27EDFA1200258BFD /* SettingViewController.swift */; };
		40F7589E272AFA5A000ADD4F /* CircleCell.swift in Sources */ = {isa = PBXBuildFile; fileRef = 40F7589D272AFA5A000ADD4F /* CircleCell.swift */; };
		40F758A0272B053A000ADD4F /* ColorFilterToolbarViewController.swift in Sources */ = {isa = PBXBuildFile; fileRef = 40F7589F272B053A000ADD4F /* ColorFilterToolbarViewController.swift */; };
		40F92B80272BD7880085224E /* ScrollableTitleView.swift in Sources */ = {isa = PBXBuildFile; fileRef = 40F92B7F272BD7880085224E /* ScrollableTitleView.swift */; };
		40F92B82272BD7B10085224E /* BreadViewController.swift in Sources */ = {isa = PBXBuildFile; fileRef = 40F92B81272BD7B10085224E /* BreadViewController.swift */; };
		40F92B89272C3E920085224E /* UICollectionView+Selection.swift in Sources */ = {isa = PBXBuildFile; fileRef = 40F92B88272C3E920085224E /* UICollectionView+Selection.swift */; };
		40F9689E27B231E6008CBA49 /* TrashViewController.swift in Sources */ = {isa = PBXBuildFile; fileRef = 40F9689D27B231E6008CBA49 /* TrashViewController.swift */; };
/* End PBXBuildFile section */

/* Begin PBXFileReference section */
		40060F8B272D5D1800BA7A34 /* EditContentViewController.swift */ = {isa = PBXFileReference; lastKnownFileType = sourcecode.swift; path = EditContentViewController.swift; sourceTree = "<group>"; };
		40060F8D272D5D5100BA7A34 /* FilterColor.swift */ = {isa = PBXFileReference; lastKnownFileType = sourcecode.swift; path = FilterColor.swift; sourceTree = "<group>"; };
		40060F8F272D77F500BA7A34 /* UIColor+CustomColor.swift */ = {isa = PBXFileReference; lastKnownFileType = sourcecode.swift; path = "UIColor+CustomColor.swift"; sourceTree = "<group>"; };
		40060F92272D9A3200BA7A34 /* BreadListCell.swift */ = {isa = PBXFileReference; lastKnownFileType = sourcecode.swift; path = BreadListCell.swift; sourceTree = "<group>"; };
		40060F94272D9EEE00BA7A34 /* BreadListViewController.swift */ = {isa = PBXFileReference; lastKnownFileType = sourcecode.swift; path = BreadListViewController.swift; sourceTree = "<group>"; };
		4013F5BA2748B55100E03F5F /* WordPainter.swift */ = {isa = PBXFileReference; lastKnownFileType = sourcecode.swift; path = WordPainter.swift; sourceTree = "<group>"; };
		4013F5BD274BDB0700E03F5F /* Tutorial.swift */ = {isa = PBXFileReference; lastKnownFileType = sourcecode.swift; path = Tutorial.swift; sourceTree = "<group>"; };
		4013F5C2274D143500E03F5F /* en */ = {isa = PBXFileReference; lastKnownFileType = text.plist.strings; name = en; path = en.lproj/Localizable.strings; sourceTree = "<group>"; };
		4013F5C4274D145B00E03F5F /* ko */ = {isa = PBXFileReference; lastKnownFileType = text.plist.strings; name = ko; path = ko.lproj/LaunchScreen.strings; sourceTree = "<group>"; };
		4013F5C5274D145B00E03F5F /* ko */ = {isa = PBXFileReference; lastKnownFileType = text.plist.strings; name = ko; path = ko.lproj/Localizable.strings; sourceTree = "<group>"; };
		4013F5C6274E5C4700E03F5F /* LocalizingHelper.swift */ = {isa = PBXFileReference; lastKnownFileType = sourcecode.swift; path = LocalizingHelper.swift; sourceTree = "<group>"; };
		4015CD0E2797F7B400D14EDB /* FoldersViewController.swift */ = {isa = PBXFileReference; lastKnownFileType = sourcecode.swift; path = FoldersViewController.swift; sourceTree = "<group>"; };
		401AD42B277EB8B60038C9FD /* BottomToolbar.swift */ = {isa = PBXFileReference; lastKnownFileType = sourcecode.swift; path = BottomToolbar.swift; sourceTree = "<group>"; };
		40245D0027293547002E84A8 /* Bread+CoreDataClass.swift */ = {isa = PBXFileReference; fileEncoding = 4; lastKnownFileType = sourcecode.swift; path = "Bread+CoreDataClass.swift"; sourceTree = "<group>"; };
		402981FE27D11BED004F9C96 /* TextFieldAlertActionEnabling.swift */ = {isa = PBXFileReference; lastKnownFileType = sourcecode.swift; path = TextFieldAlertActionEnabling.swift; sourceTree = "<group>"; };
		4029820027D336D9004F9C96 /* MoveBreadViewControllerPresentable.swift */ = {isa = PBXFileReference; lastKnownFileType = sourcecode.swift; path = MoveBreadViewControllerPresentable.swift; sourceTree = "<group>"; };
		402D339D27DDF26B00D6B8FD /* Model-V1-to-V2.xcmappingmodel */ = {isa = PBXFileReference; lastKnownFileType = wrapper.xcmappingmodel; path = "Model-V1-to-V2.xcmappingmodel"; sourceTree = "<group>"; };
		40370D6A27BCF64A00D87BB3 /* NSManagedObjectContext+Save.swift */ = {isa = PBXFileReference; lastKnownFileType = sourcecode.swift; path = "NSManagedObjectContext+Save.swift"; sourceTree = "<group>"; };
		40370D6E27BD12F700D87BB3 /* SubTitleView.swift */ = {isa = PBXFileReference; lastKnownFileType = sourcecode.swift; path = SubTitleView.swift; sourceTree = "<group>"; };
		403E63F127688F1A00B787A4 /* RemoteDriveCell.swift */ = {isa = PBXFileReference; lastKnownFileType = sourcecode.swift; path = RemoteDriveCell.swift; sourceTree = "<group>"; };
		403E63F32768903400B787A4 /* DriveAuthInfo.swift */ = {isa = PBXFileReference; lastKnownFileType = sourcecode.swift; path = DriveAuthInfo.swift; sourceTree = "<group>"; };
		404F0EE82757799A002FEE82 /* MemoryBread-Bridging-Header.h */ = {isa = PBXFileReference; fileEncoding = 4; lastKnownFileType = sourcecode.c.h; path = "MemoryBread-Bridging-Header.h"; sourceTree = "<group>"; };
		40534A1027B69E89002C7E6B /* MoveBreadViewController.swift */ = {isa = PBXFileReference; lastKnownFileType = sourcecode.swift; path = MoveBreadViewController.swift; sourceTree = "<group>"; };
		40534A1327B6A772002C7E6B /* MoveBreadModel.swift */ = {isa = PBXFileReference; lastKnownFileType = sourcecode.swift; path = MoveBreadModel.swift; sourceTree = "<group>"; };
		40534A1527B6CCB4002C7E6B /* MoveFolderListCell.swift */ = {isa = PBXFileReference; lastKnownFileType = sourcecode.swift; path = MoveFolderListCell.swift; sourceTree = "<group>"; };
		405EC1772764D5C60031C19D /* GDDownloader.swift */ = {isa = PBXFileReference; lastKnownFileType = sourcecode.swift; path = GDDownloader.swift; sourceTree = "<group>"; };
		405EC1792766086E0031C19D /* FileObject.swift */ = {isa = PBXFileReference; lastKnownFileType = sourcecode.swift; path = FileObject.swift; sourceTree = "<group>"; };
		405EC17D27661E200031C19D /* ExcelReader.swift */ = {isa = PBXFileReference; lastKnownFileType = sourcecode.swift; path = ExcelReader.swift; sourceTree = "<group>"; };
		405EC188276744400031C19D /* RemoteDriveAuthViewController.swift */ = {isa = PBXFileReference; lastKnownFileType = sourcecode.swift; path = RemoteDriveAuthViewController.swift; sourceTree = "<group>"; };
		40743F9B27A50004009748EC /* FolderListCell.swift */ = {isa = PBXFileReference; lastKnownFileType = sourcecode.swift; path = FolderListCell.swift; sourceTree = "<group>"; };
		4088CEBE272A74030071134E /* HorizontalToolbar.swift */ = {isa = PBXFileReference; lastKnownFileType = sourcecode.swift; path = HorizontalToolbar.swift; sourceTree = "<group>"; };
		408B204527C65E5D0067687D /* FolderModel.swift */ = {isa = PBXFileReference; lastKnownFileType = sourcecode.swift; path = FolderModel.swift; sourceTree = "<group>"; };
		40953945279084930047B72F /* RoundedButton.swift */ = {isa = PBXFileReference; lastKnownFileType = sourcecode.swift; path = RoundedButton.swift; sourceTree = "<group>"; };
		40992F3727E8D8DE0010E0A5 /* ContextSaveError.swift */ = {isa = PBXFileReference; lastKnownFileType = sourcecode.swift; path = ContextSaveError.swift; sourceTree = "<group>"; };
		40992F3927E8E0210010E0A5 /* FolderNameBlackList.swift */ = {isa = PBXFileReference; lastKnownFileType = sourcecode.swift; path = FolderNameBlackList.swift; sourceTree = "<group>"; };
		409BFB152780744C00F00E52 /* GDDownloaderError.swift */ = {isa = PBXFileReference; lastKnownFileType = sourcecode.swift; path = GDDownloaderError.swift; sourceTree = "<group>"; };
		409BFB1727808FB800F00E52 /* Notification.Name+RemoteDrive.swift */ = {isa = PBXFileReference; lastKnownFileType = sourcecode.swift; path = "Notification.Name+RemoteDrive.swift"; sourceTree = "<group>"; };
		409CC8FD27327311009B9AA1 /* UserManager.swift */ = {isa = PBXFileReference; lastKnownFileType = sourcecode.swift; path = UserManager.swift; sourceTree = "<group>"; };
		409D9663276B12DC00EB8220 /* APIKeys.swift */ = {isa = PBXFileReference; fileEncoding = 4; lastKnownFileType = sourcecode.swift; path = APIKeys.swift; sourceTree = "<group>"; };
		409D9666276B152300EB8220 /* DriveAuthModel.swift */ = {isa = PBXFileReference; lastKnownFileType = sourcecode.swift; path = DriveAuthModel.swift; sourceTree = "<group>"; };
		409D9669276B66C400EB8220 /* BasicAlert.swift */ = {isa = PBXFileReference; lastKnownFileType = sourcecode.swift; path = BasicAlert.swift; sourceTree = "<group>"; };
		409F1585273AA8E200011DC6 /* SupplemantaryTitleView.swift */ = {isa = PBXFileReference; lastKnownFileType = sourcecode.swift; path = SupplemantaryTitleView.swift; sourceTree = "<group>"; };
		40B0C1E827AA5F94005F2C6E /* BreadListView.swift */ = {isa = PBXFileReference; lastKnownFileType = sourcecode.swift; path = BreadListView.swift; sourceTree = "<group>"; };
		40B176B6277DD0EB00F0B46B /* ExcelReaderError.swift */ = {isa = PBXFileReference; lastKnownFileType = sourcecode.swift; path = ExcelReaderError.swift; sourceTree = "<group>"; };
		40B176B8277DD65000F0B46B /* LoadingViewController.swift */ = {isa = PBXFileReference; lastKnownFileType = sourcecode.swift; path = LoadingViewController.swift; sourceTree = "<group>"; };
		40C8DE2127259F5300B8C5FC /* MemoryBread.app */ = {isa = PBXFileReference; explicitFileType = wrapper.application; includeInIndex = 0; path = MemoryBread.app; sourceTree = BUILT_PRODUCTS_DIR; };
		40C8DE2427259F5300B8C5FC /* AppDelegate.swift */ = {isa = PBXFileReference; lastKnownFileType = sourcecode.swift; path = AppDelegate.swift; sourceTree = "<group>"; };
		40C8DE2627259F5300B8C5FC /* SceneDelegate.swift */ = {isa = PBXFileReference; lastKnownFileType = sourcecode.swift; path = SceneDelegate.swift; sourceTree = "<group>"; };
		40C8DE2E27259F5300B8C5FC /* MemoryBread.xcdatamodel */ = {isa = PBXFileReference; lastKnownFileType = wrapper.xcdatamodel; path = MemoryBread.xcdatamodel; sourceTree = "<group>"; };
		40C8DE3027259F5500B8C5FC /* Assets.xcassets */ = {isa = PBXFileReference; lastKnownFileType = folder.assetcatalog; path = Assets.xcassets; sourceTree = "<group>"; };
		40C8DE3327259F5500B8C5FC /* Base */ = {isa = PBXFileReference; lastKnownFileType = file.storyboard; name = Base; path = Base.lproj/LaunchScreen.storyboard; sourceTree = "<group>"; };
		40C8DE3527259F5500B8C5FC /* Info.plist */ = {isa = PBXFileReference; lastKnownFileType = text.plist.xml; path = Info.plist; sourceTree = "<group>"; };
		40C8DE4127259F8500B8C5FC /* WordCell.swift */ = {isa = PBXFileReference; lastKnownFileType = sourcecode.swift; path = WordCell.swift; sourceTree = "<group>"; };
		40D0DF47279BDAB900F4448E /* MemoryBread v2.xcdatamodel */ = {isa = PBXFileReference; lastKnownFileType = wrapper.xcdatamodel; path = "MemoryBread v2.xcdatamodel"; sourceTree = "<group>"; };
		40D0DF50279BF85600F4448E /* Folder+CoreDataClass.swift */ = {isa = PBXFileReference; fileEncoding = 4; lastKnownFileType = sourcecode.swift; path = "Folder+CoreDataClass.swift"; sourceTree = "<group>"; };
		40D0DF54279BF8AC00F4448E /* FolderMigrationV1toV2.swift */ = {isa = PBXFileReference; lastKnownFileType = sourcecode.swift; path = FolderMigrationV1toV2.swift; sourceTree = "<group>"; };
		40D0DF59279C658300F4448E /* UICollectionViewDataSource+Reload.swift */ = {isa = PBXFileReference; lastKnownFileType = sourcecode.swift; path = "UICollectionViewDataSource+Reload.swift"; sourceTree = "<group>"; };
		40D0DF5B279FD0B500F4448E /* Array+subscript.swift */ = {isa = PBXFileReference; lastKnownFileType = sourcecode.swift; path = "Array+subscript.swift"; sourceTree = "<group>"; };
		40D65710276DEA210059A595 /* FileListCell.swift */ = {isa = PBXFileReference; lastKnownFileType = sourcecode.swift; path = FileListCell.swift; sourceTree = "<group>"; };
		40D65712276DFC470059A595 /* GDDownload.swift */ = {isa = PBXFileReference; lastKnownFileType = sourcecode.swift; path = GDDownload.swift; sourceTree = "<group>"; };
		40D65715276E3FA20059A595 /* DriveFileListViewController.swift */ = {isa = PBXFileReference; lastKnownFileType = sourcecode.swift; path = DriveFileListViewController.swift; sourceTree = "<group>"; };
		40D87E99277B440A00CCB28D /* CoreDataStack.swift */ = {isa = PBXFileReference; lastKnownFileType = sourcecode.swift; path = CoreDataStack.swift; sourceTree = "<group>"; };
		40D91BEE27708DDF002E588D /* OrderedDictionary.swift */ = {isa = PBXFileReference; lastKnownFileType = sourcecode.swift; path = OrderedDictionary.swift; sourceTree = "<group>"; };
		40D91BF12773474A002E588D /* DriveFileHelper.swift */ = {isa = PBXFileReference; lastKnownFileType = sourcecode.swift; path = DriveFileHelper.swift; sourceTree = "<group>"; };
		40F1D607273D70320053AB73 /* String+Helper.swift */ = {isa = PBXFileReference; lastKnownFileType = sourcecode.swift; path = "String+Helper.swift"; sourceTree = "<group>"; };
		40F1D609273E65020053AB73 /* DateHelper.swift */ = {isa = PBXFileReference; lastKnownFileType = sourcecode.swift; path = DateHelper.swift; sourceTree = "<group>"; };
		40F644AE27EDFA1200258BFD /* SettingViewController.swift */ = {isa = PBXFileReference; lastKnownFileType = sourcecode.swift; path = SettingViewController.swift; sourceTree = "<group>"; };
		40F7589D272AFA5A000ADD4F /* CircleCell.swift */ = {isa = PBXFileReference; lastKnownFileType = sourcecode.swift; path = CircleCell.swift; sourceTree = "<group>"; };
		40F7589F272B053A000ADD4F /* ColorFilterToolbarViewController.swift */ = {isa = PBXFileReference; lastKnownFileType = sourcecode.swift; path = ColorFilterToolbarViewController.swift; sourceTree = "<group>"; };
		40F92B7F272BD7880085224E /* ScrollableTitleView.swift */ = {isa = PBXFileReference; lastKnownFileType = sourcecode.swift; path = ScrollableTitleView.swift; sourceTree = "<group>"; };
		40F92B81272BD7B10085224E /* BreadViewController.swift */ = {isa = PBXFileReference; lastKnownFileType = sourcecode.swift; path = BreadViewController.swift; sourceTree = "<group>"; };
		40F92B88272C3E920085224E /* UICollectionView+Selection.swift */ = {isa = PBXFileReference; lastKnownFileType = sourcecode.swift; path = "UICollectionView+Selection.swift"; sourceTree = "<group>"; };
		40F9689D27B231E6008CBA49 /* TrashViewController.swift */ = {isa = PBXFileReference; fileEncoding = 4; lastKnownFileType = sourcecode.swift; path = TrashViewController.swift; sourceTree = "<group>"; };
		727424C018504B0C7D6E6979 /* Pods-MemoryBread.release.xcconfig */ = {isa = PBXFileReference; includeInIndex = 1; lastKnownFileType = text.xcconfig; name = "Pods-MemoryBread.release.xcconfig"; path = "Target Support Files/Pods-MemoryBread/Pods-MemoryBread.release.xcconfig"; sourceTree = "<group>"; };
		83F35008E123FB08E3688565 /* libPods-MemoryBread.a */ = {isa = PBXFileReference; explicitFileType = archive.ar; includeInIndex = 0; path = "libPods-MemoryBread.a"; sourceTree = BUILT_PRODUCTS_DIR; };
		9C552DE7FE527EA0BC1D96EA /* Pods-MemoryBread.debug.xcconfig */ = {isa = PBXFileReference; includeInIndex = 1; lastKnownFileType = text.xcconfig; name = "Pods-MemoryBread.debug.xcconfig"; path = "Target Support Files/Pods-MemoryBread/Pods-MemoryBread.debug.xcconfig"; sourceTree = "<group>"; };
/* End PBXFileReference section */

/* Begin PBXFrameworksBuildPhase section */
		40C8DE1E27259F5300B8C5FC /* Frameworks */ = {
			isa = PBXFrameworksBuildPhase;
			buildActionMask = 2147483647;
			files = (
				405EC18127661E8E0031C19D /* CoreXLSX in Frameworks */,
				40C8DE3D27259F6700B8C5FC /* SnapKit in Frameworks */,
				40C8DE4027259F7300B8C5FC /* Then in Frameworks */,
				10523E7040914B5C3967D34F /* libPods-MemoryBread.a in Frameworks */,
			);
			runOnlyForDeploymentPostprocessing = 0;
		};
/* End PBXFrameworksBuildPhase section */

/* Begin PBXGroup section */
		04F2A1521BA72F93F09BC605 /* Pods */ = {
			isa = PBXGroup;
			children = (
				9C552DE7FE527EA0BC1D96EA /* Pods-MemoryBread.debug.xcconfig */,
				727424C018504B0C7D6E6979 /* Pods-MemoryBread.release.xcconfig */,
			);
			path = Pods;
			sourceTree = "<group>";
		};
		40245CFE27293547002E84A8 /* Models */ = {
			isa = PBXGroup;
			children = (
				408B204427C65E540067687D /* FolderModel */,
				40534A1227B6A75C002C7E6B /* MoveBread */,
				409BFB142780743700F00E52 /* Errors */,
				40D87E98277B43EB00CCB28D /* CoreData */,
				40D91BF027709E41002E588D /* DataStructure */,
				409D9665276B14F100EB8220 /* DriveAuthorization */,
				405EC18327661EB00031C19D /* Network */,
				405EC18227661E9C0031C19D /* Helper */,
				4013F5BD274BDB0700E03F5F /* Tutorial.swift */,
				4013F5BA2748B55100E03F5F /* WordPainter.swift */,
			);
			path = Models;
			sourceTree = "<group>";
		};
		40245D05272940EE002E84A8 /* Bread+CoreData */ = {
			isa = PBXGroup;
			children = (
				40245D0027293547002E84A8 /* Bread+CoreDataClass.swift */,
			);
			path = "Bread+CoreData";
			sourceTree = "<group>";
		};
		402981FD27D11BCC004F9C96 /* Protocols */ = {
			isa = PBXGroup;
			children = (
				402981FE27D11BED004F9C96 /* TextFieldAlertActionEnabling.swift */,
				4029820027D336D9004F9C96 /* MoveBreadViewControllerPresentable.swift */,
			);
			path = Protocols;
			sourceTree = "<group>";
		};
		40534A1227B6A75C002C7E6B /* MoveBread */ = {
			isa = PBXGroup;
			children = (
				40534A1327B6A772002C7E6B /* MoveBreadModel.swift */,
			);
			path = MoveBread;
			sourceTree = "<group>";
		};
		405EC18227661E9C0031C19D /* Helper */ = {
			isa = PBXGroup;
			children = (
				40060F8D272D5D5100BA7A34 /* FilterColor.swift */,
				40D91BF12773474A002E588D /* DriveFileHelper.swift */,
				40F1D609273E65020053AB73 /* DateHelper.swift */,
				405EC17D27661E200031C19D /* ExcelReader.swift */,
				409CC8FD27327311009B9AA1 /* UserManager.swift */,
				40992F3927E8E0210010E0A5 /* FolderNameBlackList.swift */,
			);
			path = Helper;
			sourceTree = "<group>";
		};
		405EC18327661EB00031C19D /* Network */ = {
			isa = PBXGroup;
			children = (
				405EC1772764D5C60031C19D /* GDDownloader.swift */,
				40D65712276DFC470059A595 /* GDDownload.swift */,
				405EC1792766086E0031C19D /* FileObject.swift */,
			);
			path = Network;
			sourceTree = "<group>";
		};
		408B204427C65E540067687D /* FolderModel */ = {
			isa = PBXGroup;
			children = (
				408B204527C65E5D0067687D /* FolderModel.swift */,
			);
			path = FolderModel;
			sourceTree = "<group>";
		};
		409BFB142780743700F00E52 /* Errors */ = {
			isa = PBXGroup;
			children = (
				40B176B6277DD0EB00F0B46B /* ExcelReaderError.swift */,
				409BFB152780744C00F00E52 /* GDDownloaderError.swift */,
				40992F3727E8D8DE0010E0A5 /* ContextSaveError.swift */,
			);
			path = Errors;
			sourceTree = "<group>";
		};
		409D9665276B14F100EB8220 /* DriveAuthorization */ = {
			isa = PBXGroup;
			children = (
				409D9666276B152300EB8220 /* DriveAuthModel.swift */,
				403E63F32768903400B787A4 /* DriveAuthInfo.swift */,
			);
			path = DriveAuthorization;
			sourceTree = "<group>";
		};
		409D9668276B659D00EB8220 /* Alert */ = {
			isa = PBXGroup;
			children = (
				409D9669276B66C400EB8220 /* BasicAlert.swift */,
			);
			path = Alert;
			sourceTree = "<group>";
		};
		409D966B276CD2FC00EB8220 /* Localizing */ = {
			isa = PBXGroup;
			children = (
				4013F5C6274E5C4700E03F5F /* LocalizingHelper.swift */,
				4013F5C3274D143500E03F5F /* Localizable.strings */,
			);
			path = Localizing;
			sourceTree = "<group>";
		};
		409F1584273AA8CA00011DC6 /* SupplementaryViews */ = {
			isa = PBXGroup;
			children = (
				409F1585273AA8E200011DC6 /* SupplemantaryTitleView.swift */,
			);
			path = SupplementaryViews;
			sourceTree = "<group>";
		};
		40C8DE1827259F5300B8C5FC = {
			isa = PBXGroup;
			children = (
				404F0EE82757799A002FEE82 /* MemoryBread-Bridging-Header.h */,
				40C8DE2327259F5300B8C5FC /* MemoryBread */,
				40C8DE2227259F5300B8C5FC /* Products */,
				04F2A1521BA72F93F09BC605 /* Pods */,
				B8A0B48424B9EC5B37DB2C3C /* Frameworks */,
			);
			sourceTree = "<group>";
		};
		40C8DE2227259F5300B8C5FC /* Products */ = {
			isa = PBXGroup;
			children = (
				40C8DE2127259F5300B8C5FC /* MemoryBread.app */,
			);
			name = Products;
			sourceTree = "<group>";
		};
		40C8DE2327259F5300B8C5FC /* MemoryBread */ = {
			isa = PBXGroup;
			children = (
				40C8DE2427259F5300B8C5FC /* AppDelegate.swift */,
				40C8DE2627259F5300B8C5FC /* SceneDelegate.swift */,
				409D9663276B12DC00EB8220 /* APIKeys.swift */,
				40C8DE3027259F5500B8C5FC /* Assets.xcassets */,
				40C8DE3527259F5500B8C5FC /* Info.plist */,
				409D966B276CD2FC00EB8220 /* Localizing */,
				402981FD27D11BCC004F9C96 /* Protocols */,
				40F92B87272C3E7D0085224E /* Extensions */,
				40F92B83272BD7B80085224E /* ViewControllers */,
				40F7589B272AF8ED000ADD4F /* Views */,
				40245CFE27293547002E84A8 /* Models */,
				40C8DE3227259F5500B8C5FC /* LaunchScreen.storyboard */,
			);
			path = MemoryBread;
			sourceTree = "<group>";
		};
		40D0DF4E279BF85600F4448E /* Folder+CoreData */ = {
			isa = PBXGroup;
			children = (
				40D0DF50279BF85600F4448E /* Folder+CoreDataClass.swift */,
			);
			path = "Folder+CoreData";
			sourceTree = "<group>";
		};
		40D0DF53279BF86800F4448E /* MappingModels */ = {
			isa = PBXGroup;
			children = (
				402D339D27DDF26B00D6B8FD /* Model-V1-to-V2.xcmappingmodel */,
			);
			path = MappingModels;
			sourceTree = "<group>";
		};
		40D0DF56279BF8B500F4448E /* Migration */ = {
			isa = PBXGroup;
			children = (
				40D0DF54279BF8AC00F4448E /* FolderMigrationV1toV2.swift */,
			);
			path = Migration;
			sourceTree = "<group>";
		};
		40D87E98277B43EB00CCB28D /* CoreData */ = {
			isa = PBXGroup;
			children = (
				40C8DE2D27259F5300B8C5FC /* MemoryBread.xcdatamodeld */,
				40D0DF56279BF8B500F4448E /* Migration */,
				40D0DF53279BF86800F4448E /* MappingModels */,
				40D0DF4E279BF85600F4448E /* Folder+CoreData */,
				40245D05272940EE002E84A8 /* Bread+CoreData */,
				40D87E99277B440A00CCB28D /* CoreDataStack.swift */,
			);
			path = CoreData;
			sourceTree = "<group>";
		};
		40D91BF027709E41002E588D /* DataStructure */ = {
			isa = PBXGroup;
			children = (
				40D91BEE27708DDF002E588D /* OrderedDictionary.swift */,
			);
			path = DataStructure;
			sourceTree = "<group>";
		};
		40F7589B272AF8ED000ADD4F /* Views */ = {
			isa = PBXGroup;
			children = (
				409D9668276B659D00EB8220 /* Alert */,
				409F1584273AA8CA00011DC6 /* SupplementaryViews */,
				40FB78AB2738DF6600ECDDF0 /* CustomViews */,
				40F92B84272BD7D30085224E /* Cells */,
			);
			path = Views;
			sourceTree = "<group>";
		};
		40F92B83272BD7B80085224E /* ViewControllers */ = {
			isa = PBXGroup;
			children = (
				40F9689D27B231E6008CBA49 /* TrashViewController.swift */,
				4015CD0E2797F7B400D14EDB /* FoldersViewController.swift */,
				40F644AE27EDFA1200258BFD /* SettingViewController.swift */,
				40060F94272D9EEE00BA7A34 /* BreadListViewController.swift */,
				40F92B81272BD7B10085224E /* BreadViewController.swift */,
				40534A1027B69E89002C7E6B /* MoveBreadViewController.swift */,
				40060F8B272D5D1800BA7A34 /* EditContentViewController.swift */,
				40F7589F272B053A000ADD4F /* ColorFilterToolbarViewController.swift */,
				405EC188276744400031C19D /* RemoteDriveAuthViewController.swift */,
				40D65715276E3FA20059A595 /* DriveFileListViewController.swift */,
				40B176B8277DD65000F0B46B /* LoadingViewController.swift */,
			);
			path = ViewControllers;
			sourceTree = "<group>";
		};
		40F92B84272BD7D30085224E /* Cells */ = {
			isa = PBXGroup;
			children = (
				40F7589D272AFA5A000ADD4F /* CircleCell.swift */,
				40C8DE4127259F8500B8C5FC /* WordCell.swift */,
				40060F92272D9A3200BA7A34 /* BreadListCell.swift */,
				40534A1527B6CCB4002C7E6B /* MoveFolderListCell.swift */,
				403E63F127688F1A00B787A4 /* RemoteDriveCell.swift */,
				40953945279084930047B72F /* RoundedButton.swift */,
				40D65710276DEA210059A595 /* FileListCell.swift */,
				40743F9B27A50004009748EC /* FolderListCell.swift */,
			);
			path = Cells;
			sourceTree = "<group>";
		};
		40F92B87272C3E7D0085224E /* Extensions */ = {
			isa = PBXGroup;
			children = (
				40F92B88272C3E920085224E /* UICollectionView+Selection.swift */,
				40D0DF59279C658300F4448E /* UICollectionViewDataSource+Reload.swift */,
				409BFB1727808FB800F00E52 /* Notification.Name+RemoteDrive.swift */,
				40060F8F272D77F500BA7A34 /* UIColor+CustomColor.swift */,
				40F1D607273D70320053AB73 /* String+Helper.swift */,
				40D0DF5B279FD0B500F4448E /* Array+subscript.swift */,
				40370D6A27BCF64A00D87BB3 /* NSManagedObjectContext+Save.swift */,
			);
			path = Extensions;
			sourceTree = "<group>";
		};
		40FB78AB2738DF6600ECDDF0 /* CustomViews */ = {
			isa = PBXGroup;
			children = (
				4088CEBE272A74030071134E /* HorizontalToolbar.swift */,
				40370D6E27BD12F700D87BB3 /* SubTitleView.swift */,
				40F92B7F272BD7880085224E /* ScrollableTitleView.swift */,
				401AD42B277EB8B60038C9FD /* BottomToolbar.swift */,
				40B0C1E827AA5F94005F2C6E /* BreadListView.swift */,
			);
			path = CustomViews;
			sourceTree = "<group>";
		};
		B8A0B48424B9EC5B37DB2C3C /* Frameworks */ = {
			isa = PBXGroup;
			children = (
				83F35008E123FB08E3688565 /* libPods-MemoryBread.a */,
			);
			name = Frameworks;
			sourceTree = "<group>";
		};
/* End PBXGroup section */

/* Begin PBXNativeTarget section */
		40C8DE2027259F5300B8C5FC /* MemoryBread */ = {
			isa = PBXNativeTarget;
			buildConfigurationList = 40C8DE3827259F5500B8C5FC /* Build configuration list for PBXNativeTarget "MemoryBread" */;
			buildPhases = (
				913FA0319E701BA31087A7D7 /* [CP] Check Pods Manifest.lock */,
				40C8DE1D27259F5300B8C5FC /* Sources */,
				40C8DE1E27259F5300B8C5FC /* Frameworks */,
				40C8DE1F27259F5300B8C5FC /* Resources */,
				7E63006958B819CDBF02C872 /* [CP] Copy Pods Resources */,
			);
			buildRules = (
			);
			dependencies = (
			);
			name = MemoryBread;
			packageProductDependencies = (
				40C8DE3C27259F6700B8C5FC /* SnapKit */,
				40C8DE3F27259F7300B8C5FC /* Then */,
				405EC18027661E8E0031C19D /* CoreXLSX */,
			);
			productName = MemoryBread;
			productReference = 40C8DE2127259F5300B8C5FC /* MemoryBread.app */;
			productType = "com.apple.product-type.application";
		};
/* End PBXNativeTarget section */

/* Begin PBXProject section */
		40C8DE1927259F5300B8C5FC /* Project object */ = {
			isa = PBXProject;
			attributes = {
				BuildIndependentTargetsInParallel = 1;
				LastSwiftUpdateCheck = 1300;
				LastUpgradeCheck = 1300;
				TargetAttributes = {
					40C8DE2027259F5300B8C5FC = {
						CreatedOnToolsVersion = 13.0;
					};
				};
			};
			buildConfigurationList = 40C8DE1C27259F5300B8C5FC /* Build configuration list for PBXProject "MemoryBread" */;
			compatibilityVersion = "Xcode 13.0";
			developmentRegion = en;
			hasScannedForEncodings = 0;
			knownRegions = (
				en,
				Base,
				ko,
			);
			mainGroup = 40C8DE1827259F5300B8C5FC;
			packageReferences = (
				40C8DE3B27259F6700B8C5FC /* XCRemoteSwiftPackageReference "SnapKit" */,
				40C8DE3E27259F7300B8C5FC /* XCRemoteSwiftPackageReference "Then" */,
				405EC17F27661E8E0031C19D /* XCRemoteSwiftPackageReference "CoreXLSX" */,
			);
			productRefGroup = 40C8DE2227259F5300B8C5FC /* Products */;
			projectDirPath = "";
			projectRoot = "";
			targets = (
				40C8DE2027259F5300B8C5FC /* MemoryBread */,
			);
		};
/* End PBXProject section */

/* Begin PBXResourcesBuildPhase section */
		40C8DE1F27259F5300B8C5FC /* Resources */ = {
			isa = PBXResourcesBuildPhase;
			buildActionMask = 2147483647;
			files = (
				40C8DE3427259F5500B8C5FC /* LaunchScreen.storyboard in Resources */,
				4013F5C1274D143500E03F5F /* Localizable.strings in Resources */,
				40C8DE3127259F5500B8C5FC /* Assets.xcassets in Resources */,
			);
			runOnlyForDeploymentPostprocessing = 0;
		};
/* End PBXResourcesBuildPhase section */

/* Begin PBXShellScriptBuildPhase section */
		7E63006958B819CDBF02C872 /* [CP] Copy Pods Resources */ = {
			isa = PBXShellScriptBuildPhase;
			buildActionMask = 2147483647;
			files = (
			);
			inputFileListPaths = (
				"${PODS_ROOT}/Target Support Files/Pods-MemoryBread/Pods-MemoryBread-resources-${CONFIGURATION}-input-files.xcfilelist",
			);
			name = "[CP] Copy Pods Resources";
			outputFileListPaths = (
				"${PODS_ROOT}/Target Support Files/Pods-MemoryBread/Pods-MemoryBread-resources-${CONFIGURATION}-output-files.xcfilelist",
			);
			runOnlyForDeploymentPostprocessing = 0;
			shellPath = /bin/sh;
			shellScript = "\"${PODS_ROOT}/Target Support Files/Pods-MemoryBread/Pods-MemoryBread-resources.sh\"\n";
			showEnvVarsInLog = 0;
		};
		913FA0319E701BA31087A7D7 /* [CP] Check Pods Manifest.lock */ = {
			isa = PBXShellScriptBuildPhase;
			buildActionMask = 2147483647;
			files = (
			);
			inputFileListPaths = (
			);
			inputPaths = (
				"${PODS_PODFILE_DIR_PATH}/Podfile.lock",
				"${PODS_ROOT}/Manifest.lock",
			);
			name = "[CP] Check Pods Manifest.lock";
			outputFileListPaths = (
			);
			outputPaths = (
				"$(DERIVED_FILE_DIR)/Pods-MemoryBread-checkManifestLockResult.txt",
			);
			runOnlyForDeploymentPostprocessing = 0;
			shellPath = /bin/sh;
			shellScript = "diff \"${PODS_PODFILE_DIR_PATH}/Podfile.lock\" \"${PODS_ROOT}/Manifest.lock\" > /dev/null\nif [ $? != 0 ] ; then\n    # print error to STDERR\n    echo \"error: The sandbox is not in sync with the Podfile.lock. Run 'pod install' or update your CocoaPods installation.\" >&2\n    exit 1\nfi\n# This output is used by Xcode 'outputs' to avoid re-running this script phase.\necho \"SUCCESS\" > \"${SCRIPT_OUTPUT_FILE_0}\"\n";
			showEnvVarsInLog = 0;
		};
/* End PBXShellScriptBuildPhase section */

/* Begin PBXSourcesBuildPhase section */
		40C8DE1D27259F5300B8C5FC /* Sources */ = {
			isa = PBXSourcesBuildPhase;
			buildActionMask = 2147483647;
			files = (
				408B204627C65E5D0067687D /* FolderModel.swift in Sources */,
				40C8DE4227259F8500B8C5FC /* WordCell.swift in Sources */,
				40B0C1E927AA5F94005F2C6E /* BreadListView.swift in Sources */,
				40D65713276DFC470059A595 /* GDDownload.swift in Sources */,
				40743F9C27A50004009748EC /* FolderListCell.swift in Sources */,
				40D0DF5A279C658300F4448E /* UICollectionViewDataSource+Reload.swift in Sources */,
				409BFB162780744C00F00E52 /* GDDownloaderError.swift in Sources */,
				4029820127D336D9004F9C96 /* MoveBreadViewControllerPresentable.swift in Sources */,
				403E63F227688F1A00B787A4 /* RemoteDriveCell.swift in Sources */,
				402981FF27D11BED004F9C96 /* TextFieldAlertActionEnabling.swift in Sources */,
				40245D0227293547002E84A8 /* Bread+CoreDataClass.swift in Sources */,
				4013F5BB2748B55100E03F5F /* WordPainter.swift in Sources */,
				40D87E9A277B440A00CCB28D /* CoreDataStack.swift in Sources */,
				40992F3827E8D8DE0010E0A5 /* ContextSaveError.swift in Sources */,
				40060F93272D9A3200BA7A34 /* BreadListCell.swift in Sources */,
				401AD42C277EB8B60038C9FD /* BottomToolbar.swift in Sources */,
				40F92B89272C3E920085224E /* UICollectionView+Selection.swift in Sources */,
				4088CEBF272A74030071134E /* HorizontalToolbar.swift in Sources */,
				40534A1627B6CCB4002C7E6B /* MoveFolderListCell.swift in Sources */,
				40F644AF27EDFA1200258BFD /* SettingViewController.swift in Sources */,
				40D91BF22773474B002E588D /* DriveFileHelper.swift in Sources */,
				409D9667276B152300EB8220 /* DriveAuthModel.swift in Sources */,
				40D0DF52279BF85600F4448E /* Folder+CoreDataClass.swift in Sources */,
				40370D6F27BD12F700D87BB3 /* SubTitleView.swift in Sources */,
				40F1D608273D70320053AB73 /* String+Helper.swift in Sources */,
				40060F90272D77F500BA7A34 /* UIColor+CustomColor.swift in Sources */,
				40C8DE2527259F5300B8C5FC /* AppDelegate.swift in Sources */,
				409BFB1827808FB800F00E52 /* Notification.Name+RemoteDrive.swift in Sources */,
				40D0DF5C279FD0B500F4448E /* Array+subscript.swift in Sources */,
				40060F8C272D5D1800BA7A34 /* EditContentViewController.swift in Sources */,
				40D91BEF27708DDF002E588D /* OrderedDictionary.swift in Sources */,
				40D65711276DEA210059A595 /* FileListCell.swift in Sources */,
				40C8DE2727259F5300B8C5FC /* SceneDelegate.swift in Sources */,
				40534A1127B69E89002C7E6B /* MoveBreadViewController.swift in Sources */,
				40534A1427B6A772002C7E6B /* MoveBreadModel.swift in Sources */,
				4015CD0F2797F7B400D14EDB /* FoldersViewController.swift in Sources */,
				40060F95272D9EEE00BA7A34 /* BreadListViewController.swift in Sources */,
				409D9664276B12DC00EB8220 /* APIKeys.swift in Sources */,
				40F9689E27B231E6008CBA49 /* TrashViewController.swift in Sources */,
				4013F5C7274E5C4700E03F5F /* LocalizingHelper.swift in Sources */,
				409F1586273AA8E200011DC6 /* SupplemantaryTitleView.swift in Sources */,
				40F92B82272BD7B10085224E /* BreadViewController.swift in Sources */,
				405EC17E27661E200031C19D /* ExcelReader.swift in Sources */,
				40D65716276E3FA20059A595 /* DriveFileListViewController.swift in Sources */,
				40F92B80272BD7880085224E /* ScrollableTitleView.swift in Sources */,
				40D0DF55279BF8AC00F4448E /* FolderMigrationV1toV2.swift in Sources */,
				40060F8E272D5D5100BA7A34 /* FilterColor.swift in Sources */,
				40953946279084930047B72F /* RoundedButton.swift in Sources */,
				40F758A0272B053A000ADD4F /* ColorFilterToolbarViewController.swift in Sources */,
				4013F5BE274BDB0700E03F5F /* Tutorial.swift in Sources */,
				409D966A276B66C400EB8220 /* BasicAlert.swift in Sources */,
				40F7589E272AFA5A000ADD4F /* CircleCell.swift in Sources */,
				405EC185276738C60031C19D /* FileObject.swift in Sources */,
				405EC184276738C40031C19D /* GDDownloader.swift in Sources */,
				40C8DE2F27259F5300B8C5FC /* MemoryBread.xcdatamodeld in Sources */,
				40992F3A27E8E0210010E0A5 /* FolderNameBlackList.swift in Sources */,
				409CC8FE27327311009B9AA1 /* UserManager.swift in Sources */,
				40F1D60A273E65020053AB73 /* DateHelper.swift in Sources */,
				405EC189276744400031C19D /* RemoteDriveAuthViewController.swift in Sources */,
				40370D6B27BCF64A00D87BB3 /* NSManagedObjectContext+Save.swift in Sources */,
				403E63F42768903400B787A4 /* DriveAuthInfo.swift in Sources */,
				40B176B9277DD65000F0B46B /* LoadingViewController.swift in Sources */,
				40B176B7277DD0EB00F0B46B /* ExcelReaderError.swift in Sources */,
				402D339E27DDF26B00D6B8FD /* Model-V1-to-V2.xcmappingmodel in Sources */,
			);
			runOnlyForDeploymentPostprocessing = 0;
		};
/* End PBXSourcesBuildPhase section */

/* Begin PBXVariantGroup section */
		4013F5C3274D143500E03F5F /* Localizable.strings */ = {
			isa = PBXVariantGroup;
			children = (
				4013F5C2274D143500E03F5F /* en */,
				4013F5C5274D145B00E03F5F /* ko */,
			);
			name = Localizable.strings;
			sourceTree = "<group>";
		};
		40C8DE3227259F5500B8C5FC /* LaunchScreen.storyboard */ = {
			isa = PBXVariantGroup;
			children = (
				40C8DE3327259F5500B8C5FC /* Base */,
				4013F5C4274D145B00E03F5F /* ko */,
			);
			name = LaunchScreen.storyboard;
			sourceTree = "<group>";
		};
/* End PBXVariantGroup section */

/* Begin XCBuildConfiguration section */
		40C8DE3627259F5500B8C5FC /* Debug */ = {
			isa = XCBuildConfiguration;
			buildSettings = {
				ALWAYS_SEARCH_USER_PATHS = NO;
				CLANG_ANALYZER_LOCALIZABILITY_NONLOCALIZED = YES;
				CLANG_ANALYZER_NONNULL = YES;
				CLANG_ANALYZER_NUMBER_OBJECT_CONVERSION = YES_AGGRESSIVE;
				CLANG_CXX_LANGUAGE_STANDARD = "gnu++17";
				CLANG_CXX_LIBRARY = "libc++";
				CLANG_ENABLE_MODULES = YES;
				CLANG_ENABLE_OBJC_ARC = YES;
				CLANG_ENABLE_OBJC_WEAK = YES;
				CLANG_WARN_BLOCK_CAPTURE_AUTORELEASING = YES;
				CLANG_WARN_BOOL_CONVERSION = YES;
				CLANG_WARN_COMMA = YES;
				CLANG_WARN_CONSTANT_CONVERSION = YES;
				CLANG_WARN_DEPRECATED_OBJC_IMPLEMENTATIONS = YES;
				CLANG_WARN_DIRECT_OBJC_ISA_USAGE = YES_ERROR;
				CLANG_WARN_DOCUMENTATION_COMMENTS = YES;
				CLANG_WARN_EMPTY_BODY = YES;
				CLANG_WARN_ENUM_CONVERSION = YES;
				CLANG_WARN_INFINITE_RECURSION = YES;
				CLANG_WARN_INT_CONVERSION = YES;
				CLANG_WARN_NON_LITERAL_NULL_CONVERSION = YES;
				CLANG_WARN_OBJC_IMPLICIT_RETAIN_SELF = YES;
				CLANG_WARN_OBJC_LITERAL_CONVERSION = YES;
				CLANG_WARN_OBJC_ROOT_CLASS = YES_ERROR;
				CLANG_WARN_QUOTED_INCLUDE_IN_FRAMEWORK_HEADER = YES;
				CLANG_WARN_RANGE_LOOP_ANALYSIS = YES;
				CLANG_WARN_STRICT_PROTOTYPES = YES;
				CLANG_WARN_SUSPICIOUS_MOVE = YES;
				CLANG_WARN_UNGUARDED_AVAILABILITY = YES_AGGRESSIVE;
				CLANG_WARN_UNREACHABLE_CODE = YES;
				CLANG_WARN__DUPLICATE_METHOD_MATCH = YES;
				COPY_PHASE_STRIP = NO;
				DEBUG_INFORMATION_FORMAT = dwarf;
				ENABLE_STRICT_OBJC_MSGSEND = YES;
				ENABLE_TESTABILITY = YES;
				GCC_C_LANGUAGE_STANDARD = gnu11;
				GCC_DYNAMIC_NO_PIC = NO;
				GCC_NO_COMMON_BLOCKS = YES;
				GCC_OPTIMIZATION_LEVEL = 0;
				GCC_PREPROCESSOR_DEFINITIONS = (
					"DEBUG=1",
					"$(inherited)",
				);
				GCC_WARN_64_TO_32_BIT_CONVERSION = YES;
				GCC_WARN_ABOUT_RETURN_TYPE = YES_ERROR;
				GCC_WARN_UNDECLARED_SELECTOR = YES;
				GCC_WARN_UNINITIALIZED_AUTOS = YES_AGGRESSIVE;
				GCC_WARN_UNUSED_FUNCTION = YES;
				GCC_WARN_UNUSED_VARIABLE = YES;
				IPHONEOS_DEPLOYMENT_TARGET = 14.0;
				MTL_ENABLE_DEBUG_INFO = INCLUDE_SOURCE;
				MTL_FAST_MATH = YES;
				ONLY_ACTIVE_ARCH = YES;
				SDKROOT = iphoneos;
				SWIFT_ACTIVE_COMPILATION_CONDITIONS = DEBUG;
				SWIFT_OPTIMIZATION_LEVEL = "-Onone";
			};
			name = Debug;
		};
		40C8DE3727259F5500B8C5FC /* Release */ = {
			isa = XCBuildConfiguration;
			buildSettings = {
				ALWAYS_SEARCH_USER_PATHS = NO;
				CLANG_ANALYZER_LOCALIZABILITY_NONLOCALIZED = YES;
				CLANG_ANALYZER_NONNULL = YES;
				CLANG_ANALYZER_NUMBER_OBJECT_CONVERSION = YES_AGGRESSIVE;
				CLANG_CXX_LANGUAGE_STANDARD = "gnu++17";
				CLANG_CXX_LIBRARY = "libc++";
				CLANG_ENABLE_MODULES = YES;
				CLANG_ENABLE_OBJC_ARC = YES;
				CLANG_ENABLE_OBJC_WEAK = YES;
				CLANG_WARN_BLOCK_CAPTURE_AUTORELEASING = YES;
				CLANG_WARN_BOOL_CONVERSION = YES;
				CLANG_WARN_COMMA = YES;
				CLANG_WARN_CONSTANT_CONVERSION = YES;
				CLANG_WARN_DEPRECATED_OBJC_IMPLEMENTATIONS = YES;
				CLANG_WARN_DIRECT_OBJC_ISA_USAGE = YES_ERROR;
				CLANG_WARN_DOCUMENTATION_COMMENTS = YES;
				CLANG_WARN_EMPTY_BODY = YES;
				CLANG_WARN_ENUM_CONVERSION = YES;
				CLANG_WARN_INFINITE_RECURSION = YES;
				CLANG_WARN_INT_CONVERSION = YES;
				CLANG_WARN_NON_LITERAL_NULL_CONVERSION = YES;
				CLANG_WARN_OBJC_IMPLICIT_RETAIN_SELF = YES;
				CLANG_WARN_OBJC_LITERAL_CONVERSION = YES;
				CLANG_WARN_OBJC_ROOT_CLASS = YES_ERROR;
				CLANG_WARN_QUOTED_INCLUDE_IN_FRAMEWORK_HEADER = YES;
				CLANG_WARN_RANGE_LOOP_ANALYSIS = YES;
				CLANG_WARN_STRICT_PROTOTYPES = YES;
				CLANG_WARN_SUSPICIOUS_MOVE = YES;
				CLANG_WARN_UNGUARDED_AVAILABILITY = YES_AGGRESSIVE;
				CLANG_WARN_UNREACHABLE_CODE = YES;
				CLANG_WARN__DUPLICATE_METHOD_MATCH = YES;
				COPY_PHASE_STRIP = NO;
				DEBUG_INFORMATION_FORMAT = "dwarf-with-dsym";
				ENABLE_NS_ASSERTIONS = NO;
				ENABLE_STRICT_OBJC_MSGSEND = YES;
				GCC_C_LANGUAGE_STANDARD = gnu11;
				GCC_NO_COMMON_BLOCKS = YES;
				GCC_WARN_64_TO_32_BIT_CONVERSION = YES;
				GCC_WARN_ABOUT_RETURN_TYPE = YES_ERROR;
				GCC_WARN_UNDECLARED_SELECTOR = YES;
				GCC_WARN_UNINITIALIZED_AUTOS = YES_AGGRESSIVE;
				GCC_WARN_UNUSED_FUNCTION = YES;
				GCC_WARN_UNUSED_VARIABLE = YES;
				IPHONEOS_DEPLOYMENT_TARGET = 14.0;
				MTL_ENABLE_DEBUG_INFO = NO;
				MTL_FAST_MATH = YES;
				SDKROOT = iphoneos;
				SWIFT_COMPILATION_MODE = wholemodule;
				SWIFT_OPTIMIZATION_LEVEL = "-O";
				VALIDATE_PRODUCT = YES;
			};
			name = Release;
		};
		40C8DE3927259F5500B8C5FC /* Debug */ = {
			isa = XCBuildConfiguration;
			baseConfigurationReference = 9C552DE7FE527EA0BC1D96EA /* Pods-MemoryBread.debug.xcconfig */;
			buildSettings = {
				ASSETCATALOG_COMPILER_APPICON_NAME = AppIcon;
				ASSETCATALOG_COMPILER_GLOBAL_ACCENT_COLOR_NAME = AccentColor;
				CODE_SIGN_IDENTITY = "Apple Development";
				CODE_SIGN_STYLE = Automatic;
				CURRENT_PROJECT_VERSION = 1;
				DEVELOPMENT_TEAM = YJQB6Z2VPH;
				GCC_PREPROCESSOR_DEFINITIONS = (
					"$(inherited)",
					"COCOAPODS=1",
				);
				GENERATE_INFOPLIST_FILE = YES;
				INFOPLIST_FILE = MemoryBread/Info.plist;
				INFOPLIST_KEY_CFBundleDisplayName = "암기빵";
				INFOPLIST_KEY_UIApplicationSupportsIndirectInputEvents = YES;
				INFOPLIST_KEY_UILaunchStoryboardName = LaunchScreen;
				INFOPLIST_KEY_UISupportedInterfaceOrientations = "";
				INFOPLIST_KEY_UISupportedInterfaceOrientations_iPad = "UIInterfaceOrientationPortrait UIInterfaceOrientationPortraitUpsideDown UIInterfaceOrientationLandscapeLeft UIInterfaceOrientationLandscapeRight";
				INFOPLIST_KEY_UISupportedInterfaceOrientations_iPhone = "UIInterfaceOrientationPortrait UIInterfaceOrientationLandscapeLeft UIInterfaceOrientationLandscapeRight";
				IPHONEOS_DEPLOYMENT_TARGET = 14.0;
				LD_RUNPATH_SEARCH_PATHS = (
					"$(inherited)",
					"@executable_path/Frameworks",
				);
				MARKETING_VERSION = 4.0;
				PRODUCT_BUNDLE_IDENTIFIER = com.sweethoneybee.MemoryBread;
				PRODUCT_NAME = "$(TARGET_NAME)";
				PROVISIONING_PROFILE_SPECIFIER = "";
				SWIFT_EMIT_LOC_STRINGS = YES;
				SWIFT_OBJC_BRIDGING_HEADER = "/Users/aratishappy/developer/MemoryBread/MemoryBread-Bridging-Header.h";
				SWIFT_OBJC_INTERFACE_HEADER_NAME = "$(SWIFT_MODULE_NAME)-Swift.h";
				SWIFT_VERSION = 5.0;
				TARGETED_DEVICE_FAMILY = "1,2";
				USER_HEADER_SEARCH_PATHS = "";
			};
			name = Debug;
		};
		40C8DE3A27259F5500B8C5FC /* Release */ = {
			isa = XCBuildConfiguration;
			baseConfigurationReference = 727424C018504B0C7D6E6979 /* Pods-MemoryBread.release.xcconfig */;
			buildSettings = {
				ASSETCATALOG_COMPILER_APPICON_NAME = AppIcon;
				ASSETCATALOG_COMPILER_GLOBAL_ACCENT_COLOR_NAME = AccentColor;
				CODE_SIGN_IDENTITY = "Apple Development";
				CODE_SIGN_STYLE = Automatic;
				CURRENT_PROJECT_VERSION = 1;
				DEVELOPMENT_TEAM = YJQB6Z2VPH;
				GENERATE_INFOPLIST_FILE = YES;
				INFOPLIST_FILE = MemoryBread/Info.plist;
				INFOPLIST_KEY_CFBundleDisplayName = "암기빵";
				INFOPLIST_KEY_UIApplicationSupportsIndirectInputEvents = YES;
				INFOPLIST_KEY_UILaunchStoryboardName = LaunchScreen;
				INFOPLIST_KEY_UISupportedInterfaceOrientations = "";
				INFOPLIST_KEY_UISupportedInterfaceOrientations_iPad = "UIInterfaceOrientationPortrait UIInterfaceOrientationPortraitUpsideDown UIInterfaceOrientationLandscapeLeft UIInterfaceOrientationLandscapeRight";
				INFOPLIST_KEY_UISupportedInterfaceOrientations_iPhone = "UIInterfaceOrientationPortrait UIInterfaceOrientationLandscapeLeft UIInterfaceOrientationLandscapeRight";
				IPHONEOS_DEPLOYMENT_TARGET = 14.0;
				LD_RUNPATH_SEARCH_PATHS = (
					"$(inherited)",
					"@executable_path/Frameworks",
				);
				MARKETING_VERSION = 4.0;
				PRODUCT_BUNDLE_IDENTIFIER = com.sweethoneybee.MemoryBread;
				PRODUCT_NAME = "$(TARGET_NAME)";
				PROVISIONING_PROFILE_SPECIFIER = "";
				SWIFT_EMIT_LOC_STRINGS = YES;
				SWIFT_OBJC_BRIDGING_HEADER = "/Users/aratishappy/developer/MemoryBread/MemoryBread-Bridging-Header.h";
				SWIFT_OBJC_INTERFACE_HEADER_NAME = "$(SWIFT_MODULE_NAME)-Swift.h";
				SWIFT_VERSION = 5.0;
				TARGETED_DEVICE_FAMILY = "1,2";
				USER_HEADER_SEARCH_PATHS = "";
			};
			name = Release;
		};
/* End XCBuildConfiguration section */

/* Begin XCConfigurationList section */
		40C8DE1C27259F5300B8C5FC /* Build configuration list for PBXProject "MemoryBread" */ = {
			isa = XCConfigurationList;
			buildConfigurations = (
				40C8DE3627259F5500B8C5FC /* Debug */,
				40C8DE3727259F5500B8C5FC /* Release */,
			);
			defaultConfigurationIsVisible = 0;
			defaultConfigurationName = Release;
		};
		40C8DE3827259F5500B8C5FC /* Build configuration list for PBXNativeTarget "MemoryBread" */ = {
			isa = XCConfigurationList;
			buildConfigurations = (
				40C8DE3927259F5500B8C5FC /* Debug */,
				40C8DE3A27259F5500B8C5FC /* Release */,
			);
			defaultConfigurationIsVisible = 0;
			defaultConfigurationName = Release;
		};
/* End XCConfigurationList section */

/* Begin XCRemoteSwiftPackageReference section */
		405EC17F27661E8E0031C19D /* XCRemoteSwiftPackageReference "CoreXLSX" */ = {
			isa = XCRemoteSwiftPackageReference;
			repositoryURL = "https://github.com/CoreOffice/CoreXLSX";
			requirement = {
				kind = upToNextMajorVersion;
				minimumVersion = 0.9.1;
			};
		};
		40C8DE3B27259F6700B8C5FC /* XCRemoteSwiftPackageReference "SnapKit" */ = {
			isa = XCRemoteSwiftPackageReference;
			repositoryURL = "https://github.com/SnapKit/SnapKit.git";
			requirement = {
				branch = develop;
				kind = branch;
			};
		};
		40C8DE3E27259F7300B8C5FC /* XCRemoteSwiftPackageReference "Then" */ = {
			isa = XCRemoteSwiftPackageReference;
			repositoryURL = "https://github.com/devxoul/Then";
			requirement = {
				branch = master;
				kind = branch;
			};
		};
/* End XCRemoteSwiftPackageReference section */

/* Begin XCSwiftPackageProductDependency section */
		405EC18027661E8E0031C19D /* CoreXLSX */ = {
			isa = XCSwiftPackageProductDependency;
			package = 405EC17F27661E8E0031C19D /* XCRemoteSwiftPackageReference "CoreXLSX" */;
			productName = CoreXLSX;
		};
		40C8DE3C27259F6700B8C5FC /* SnapKit */ = {
			isa = XCSwiftPackageProductDependency;
			package = 40C8DE3B27259F6700B8C5FC /* XCRemoteSwiftPackageReference "SnapKit" */;
			productName = SnapKit;
		};
		40C8DE3F27259F7300B8C5FC /* Then */ = {
			isa = XCSwiftPackageProductDependency;
			package = 40C8DE3E27259F7300B8C5FC /* XCRemoteSwiftPackageReference "Then" */;
			productName = Then;
		};
/* End XCSwiftPackageProductDependency section */

/* Begin XCVersionGroup section */
		40C8DE2D27259F5300B8C5FC /* MemoryBread.xcdatamodeld */ = {
			isa = XCVersionGroup;
			children = (
				40D0DF47279BDAB900F4448E /* MemoryBread v2.xcdatamodel */,
				40C8DE2E27259F5300B8C5FC /* MemoryBread.xcdatamodel */,
			);
			currentVersion = 40D0DF47279BDAB900F4448E /* MemoryBread v2.xcdatamodel */;
			path = MemoryBread.xcdatamodeld;
			sourceTree = "<group>";
			versionGroupType = wrapper.xcdatamodel;
		};
/* End XCVersionGroup section */
	};
	rootObject = 40C8DE1927259F5300B8C5FC /* Project object */;
}
