// !$*UTF8*$!
{
	archiveVersion = 1;
	classes = {
	};
	objectVersion = 55;
	objects = {

/* Begin PBXBuildFile section */
		40245D0127293547002E84A8 /* Bread+CoreDataProperties.swift in Sources */ = {isa = PBXBuildFile; fileRef = 40245CFF27293547002E84A8 /* Bread+CoreDataProperties.swift */; };
		40245D0227293547002E84A8 /* Bread+CoreDataClass.swift in Sources */ = {isa = PBXBuildFile; fileRef = 40245D0027293547002E84A8 /* Bread+CoreDataClass.swift */; };
		40245D0427293C60002E84A8 /* BreadDAO.swift in Sources */ = {isa = PBXBuildFile; fileRef = 40245D0327293C60002E84A8 /* BreadDAO.swift */; };
		4088CEBF272A74030071134E /* HorizontalToolbar.swift in Sources */ = {isa = PBXBuildFile; fileRef = 4088CEBE272A74030071134E /* HorizontalToolbar.swift */; };
		40C8DE2527259F5300B8C5FC /* AppDelegate.swift in Sources */ = {isa = PBXBuildFile; fileRef = 40C8DE2427259F5300B8C5FC /* AppDelegate.swift */; };
		40C8DE2727259F5300B8C5FC /* SceneDelegate.swift in Sources */ = {isa = PBXBuildFile; fileRef = 40C8DE2627259F5300B8C5FC /* SceneDelegate.swift */; };
		40C8DE2C27259F5300B8C5FC /* Main.storyboard in Resources */ = {isa = PBXBuildFile; fileRef = 40C8DE2A27259F5300B8C5FC /* Main.storyboard */; };
		40C8DE2F27259F5300B8C5FC /* MemoryBread.xcdatamodeld in Sources */ = {isa = PBXBuildFile; fileRef = 40C8DE2D27259F5300B8C5FC /* MemoryBread.xcdatamodeld */; };
		40C8DE3127259F5500B8C5FC /* Assets.xcassets in Resources */ = {isa = PBXBuildFile; fileRef = 40C8DE3027259F5500B8C5FC /* Assets.xcassets */; };
		40C8DE3427259F5500B8C5FC /* LaunchScreen.storyboard in Resources */ = {isa = PBXBuildFile; fileRef = 40C8DE3227259F5500B8C5FC /* LaunchScreen.storyboard */; };
		40C8DE3D27259F6700B8C5FC /* SnapKit in Frameworks */ = {isa = PBXBuildFile; productRef = 40C8DE3C27259F6700B8C5FC /* SnapKit */; };
		40C8DE4027259F7300B8C5FC /* Then in Frameworks */ = {isa = PBXBuildFile; productRef = 40C8DE3F27259F7300B8C5FC /* Then */; };
		40C8DE4227259F8500B8C5FC /* WordCell.swift in Sources */ = {isa = PBXBuildFile; fileRef = 40C8DE4127259F8500B8C5FC /* WordCell.swift */; };
		40F7589E272AFA5A000ADD4F /* CircleCell.swift.swift in Sources */ = {isa = PBXBuildFile; fileRef = 40F7589D272AFA5A000ADD4F /* CircleCell.swift.swift */; };
		40F758A0272B053A000ADD4F /* ColorFilterToolbarViewController.swift in Sources */ = {isa = PBXBuildFile; fileRef = 40F7589F272B053A000ADD4F /* ColorFilterToolbarViewController.swift */; };
		40F92B80272BD7880085224E /* FixedHorizontalToolbar.swift in Sources */ = {isa = PBXBuildFile; fileRef = 40F92B7F272BD7880085224E /* FixedHorizontalToolbar.swift */; };
		40F92B82272BD7B10085224E /* BreadViewController.swift in Sources */ = {isa = PBXBuildFile; fileRef = 40F92B81272BD7B10085224E /* BreadViewController.swift */; };
		40F92B89272C3E920085224E /* UICollectionView+Selection.swift in Sources */ = {isa = PBXBuildFile; fileRef = 40F92B88272C3E920085224E /* UICollectionView+Selection.swift */; };
/* End PBXBuildFile section */

/* Begin PBXFileReference section */
		40245CFF27293547002E84A8 /* Bread+CoreDataProperties.swift */ = {isa = PBXFileReference; fileEncoding = 4; lastKnownFileType = sourcecode.swift; path = "Bread+CoreDataProperties.swift"; sourceTree = "<group>"; };
		40245D0027293547002E84A8 /* Bread+CoreDataClass.swift */ = {isa = PBXFileReference; fileEncoding = 4; lastKnownFileType = sourcecode.swift; path = "Bread+CoreDataClass.swift"; sourceTree = "<group>"; };
		40245D0327293C60002E84A8 /* BreadDAO.swift */ = {isa = PBXFileReference; lastKnownFileType = sourcecode.swift; path = BreadDAO.swift; sourceTree = "<group>"; };
		4088CEBE272A74030071134E /* HorizontalToolbar.swift */ = {isa = PBXFileReference; lastKnownFileType = sourcecode.swift; path = HorizontalToolbar.swift; sourceTree = "<group>"; };
		40C8DE2127259F5300B8C5FC /* MemoryBread.app */ = {isa = PBXFileReference; explicitFileType = wrapper.application; includeInIndex = 0; path = MemoryBread.app; sourceTree = BUILT_PRODUCTS_DIR; };
		40C8DE2427259F5300B8C5FC /* AppDelegate.swift */ = {isa = PBXFileReference; lastKnownFileType = sourcecode.swift; path = AppDelegate.swift; sourceTree = "<group>"; };
		40C8DE2627259F5300B8C5FC /* SceneDelegate.swift */ = {isa = PBXFileReference; lastKnownFileType = sourcecode.swift; path = SceneDelegate.swift; sourceTree = "<group>"; };
		40C8DE2B27259F5300B8C5FC /* Base */ = {isa = PBXFileReference; lastKnownFileType = file.storyboard; name = Base; path = Base.lproj/Main.storyboard; sourceTree = "<group>"; };
		40C8DE2E27259F5300B8C5FC /* MemoryBread.xcdatamodel */ = {isa = PBXFileReference; lastKnownFileType = wrapper.xcdatamodel; path = MemoryBread.xcdatamodel; sourceTree = "<group>"; };
		40C8DE3027259F5500B8C5FC /* Assets.xcassets */ = {isa = PBXFileReference; lastKnownFileType = folder.assetcatalog; path = Assets.xcassets; sourceTree = "<group>"; };
		40C8DE3327259F5500B8C5FC /* Base */ = {isa = PBXFileReference; lastKnownFileType = file.storyboard; name = Base; path = Base.lproj/LaunchScreen.storyboard; sourceTree = "<group>"; };
		40C8DE3527259F5500B8C5FC /* Info.plist */ = {isa = PBXFileReference; lastKnownFileType = text.plist.xml; path = Info.plist; sourceTree = "<group>"; };
		40C8DE4127259F8500B8C5FC /* WordCell.swift */ = {isa = PBXFileReference; lastKnownFileType = sourcecode.swift; path = WordCell.swift; sourceTree = "<group>"; };
		40F7589D272AFA5A000ADD4F /* CircleCell.swift.swift */ = {isa = PBXFileReference; lastKnownFileType = sourcecode.swift; path = CircleCell.swift.swift; sourceTree = "<group>"; };
		40F7589F272B053A000ADD4F /* ColorFilterToolbarViewController.swift */ = {isa = PBXFileReference; lastKnownFileType = sourcecode.swift; path = ColorFilterToolbarViewController.swift; sourceTree = "<group>"; };
		40F92B7F272BD7880085224E /* FixedHorizontalToolbar.swift */ = {isa = PBXFileReference; lastKnownFileType = sourcecode.swift; path = FixedHorizontalToolbar.swift; sourceTree = "<group>"; };
		40F92B81272BD7B10085224E /* BreadViewController.swift */ = {isa = PBXFileReference; lastKnownFileType = sourcecode.swift; path = BreadViewController.swift; sourceTree = "<group>"; };
		40F92B88272C3E920085224E /* UICollectionView+Selection.swift */ = {isa = PBXFileReference; lastKnownFileType = sourcecode.swift; path = "UICollectionView+Selection.swift"; sourceTree = "<group>"; };
/* End PBXFileReference section */

/* Begin PBXFrameworksBuildPhase section */
		40C8DE1E27259F5300B8C5FC /* Frameworks */ = {
			isa = PBXFrameworksBuildPhase;
			buildActionMask = 2147483647;
			files = (
				40C8DE3D27259F6700B8C5FC /* SnapKit in Frameworks */,
				40C8DE4027259F7300B8C5FC /* Then in Frameworks */,
			);
			runOnlyForDeploymentPostprocessing = 0;
		};
/* End PBXFrameworksBuildPhase section */

/* Begin PBXGroup section */
		40245CFE27293547002E84A8 /* Models */ = {
			isa = PBXGroup;
			children = (
				40245D05272940EE002E84A8 /* Bread */,
			);
			path = Models;
			sourceTree = "<group>";
		};
		40245D05272940EE002E84A8 /* Bread */ = {
			isa = PBXGroup;
			children = (
				40245CFF27293547002E84A8 /* Bread+CoreDataProperties.swift */,
				40245D0027293547002E84A8 /* Bread+CoreDataClass.swift */,
				40245D0327293C60002E84A8 /* BreadDAO.swift */,
			);
			path = Bread;
			sourceTree = "<group>";
		};
		40C8DE1827259F5300B8C5FC = {
			isa = PBXGroup;
			children = (
				40C8DE2327259F5300B8C5FC /* MemoryBread */,
				40C8DE2227259F5300B8C5FC /* Products */,
			);
			sourceTree = "<group>";
		};
		40C8DE2227259F5300B8C5FC /* Products */ = {
			isa = PBXGroup;
			children = (
				40C8DE2127259F5300B8C5FC /* MemoryBread.app */,
			);
			name = Products;
			sourceTree = "<group>";
		};
		40C8DE2327259F5300B8C5FC /* MemoryBread */ = {
			isa = PBXGroup;
			children = (
				40F92B87272C3E7D0085224E /* Extensions */,
				40F92B83272BD7B80085224E /* ViewControllers */,
				40F7589B272AF8ED000ADD4F /* Views */,
				40245CFE27293547002E84A8 /* Models */,
				40C8DE2427259F5300B8C5FC /* AppDelegate.swift */,
				40C8DE2627259F5300B8C5FC /* SceneDelegate.swift */,
				40C8DE2A27259F5300B8C5FC /* Main.storyboard */,
				40C8DE3027259F5500B8C5FC /* Assets.xcassets */,
				40C8DE3227259F5500B8C5FC /* LaunchScreen.storyboard */,
				40C8DE3527259F5500B8C5FC /* Info.plist */,
				40C8DE2D27259F5300B8C5FC /* MemoryBread.xcdatamodeld */,
			);
			path = MemoryBread;
			sourceTree = "<group>";
		};
		40F7589B272AF8ED000ADD4F /* Views */ = {
			isa = PBXGroup;
			children = (
				40F92B84272BD7D30085224E /* Cells */,
				40F7589C272AF8F1000ADD4F /* HorizontalToolbar */,
			);
			path = Views;
			sourceTree = "<group>";
		};
		40F7589C272AF8F1000ADD4F /* HorizontalToolbar */ = {
			isa = PBXGroup;
			children = (
				4088CEBE272A74030071134E /* HorizontalToolbar.swift */,
				40F92B7F272BD7880085224E /* FixedHorizontalToolbar.swift */,
			);
			path = HorizontalToolbar;
			sourceTree = "<group>";
		};
		40F92B83272BD7B80085224E /* ViewControllers */ = {
			isa = PBXGroup;
			children = (
				40F7589F272B053A000ADD4F /* ColorFilterToolbarViewController.swift */,
				40F92B81272BD7B10085224E /* BreadViewController.swift */,
			);
			path = ViewControllers;
			sourceTree = "<group>";
		};
		40F92B84272BD7D30085224E /* Cells */ = {
			isa = PBXGroup;
			children = (
				40F7589D272AFA5A000ADD4F /* CircleCell.swift.swift */,
				40C8DE4127259F8500B8C5FC /* WordCell.swift */,
			);
			path = Cells;
			sourceTree = "<group>";
		};
		40F92B87272C3E7D0085224E /* Extensions */ = {
			isa = PBXGroup;
			children = (
				40F92B88272C3E920085224E /* UICollectionView+Selection.swift */,
			);
			path = Extensions;
			sourceTree = "<group>";
		};
/* End PBXGroup section */

/* Begin PBXNativeTarget section */
		40C8DE2027259F5300B8C5FC /* MemoryBread */ = {
			isa = PBXNativeTarget;
			buildConfigurationList = 40C8DE3827259F5500B8C5FC /* Build configuration list for PBXNativeTarget "MemoryBread" */;
			buildPhases = (
				40C8DE1D27259F5300B8C5FC /* Sources */,
				40C8DE1E27259F5300B8C5FC /* Frameworks */,
				40C8DE1F27259F5300B8C5FC /* Resources */,
			);
			buildRules = (
			);
			dependencies = (
			);
			name = MemoryBread;
			packageProductDependencies = (
				40C8DE3C27259F6700B8C5FC /* SnapKit */,
				40C8DE3F27259F7300B8C5FC /* Then */,
			);
			productName = MemoryBread;
			productReference = 40C8DE2127259F5300B8C5FC /* MemoryBread.app */;
			productType = "com.apple.product-type.application";
		};
/* End PBXNativeTarget section */

/* Begin PBXProject section */
		40C8DE1927259F5300B8C5FC /* Project object */ = {
			isa = PBXProject;
			attributes = {
				BuildIndependentTargetsInParallel = 1;
				LastSwiftUpdateCheck = 1300;
				LastUpgradeCheck = 1300;
				TargetAttributes = {
					40C8DE2027259F5300B8C5FC = {
						CreatedOnToolsVersion = 13.0;
					};
				};
			};
			buildConfigurationList = 40C8DE1C27259F5300B8C5FC /* Build configuration list for PBXProject "MemoryBread" */;
			compatibilityVersion = "Xcode 13.0";
			developmentRegion = en;
			hasScannedForEncodings = 0;
			knownRegions = (
				en,
				Base,
			);
			mainGroup = 40C8DE1827259F5300B8C5FC;
			packageReferences = (
				40C8DE3B27259F6700B8C5FC /* XCRemoteSwiftPackageReference "SnapKit" */,
				40C8DE3E27259F7300B8C5FC /* XCRemoteSwiftPackageReference "Then" */,
			);
			productRefGroup = 40C8DE2227259F5300B8C5FC /* Products */;
			projectDirPath = "";
			projectRoot = "";
			targets = (
				40C8DE2027259F5300B8C5FC /* MemoryBread */,
			);
		};
/* End PBXProject section */

/* Begin PBXResourcesBuildPhase section */
		40C8DE1F27259F5300B8C5FC /* Resources */ = {
			isa = PBXResourcesBuildPhase;
			buildActionMask = 2147483647;
			files = (
				40C8DE3427259F5500B8C5FC /* LaunchScreen.storyboard in Resources */,
				40C8DE3127259F5500B8C5FC /* Assets.xcassets in Resources */,
				40C8DE2C27259F5300B8C5FC /* Main.storyboard in Resources */,
			);
			runOnlyForDeploymentPostprocessing = 0;
		};
/* End PBXResourcesBuildPhase section */

/* Begin PBXSourcesBuildPhase section */
		40C8DE1D27259F5300B8C5FC /* Sources */ = {
			isa = PBXSourcesBuildPhase;
			buildActionMask = 2147483647;
			files = (
				40C8DE4227259F8500B8C5FC /* WordCell.swift in Sources */,
				40245D0127293547002E84A8 /* Bread+CoreDataProperties.swift in Sources */,
				40245D0227293547002E84A8 /* Bread+CoreDataClass.swift in Sources */,
				40F92B89272C3E920085224E /* UICollectionView+Selection.swift in Sources */,
				40245D0427293C60002E84A8 /* BreadDAO.swift in Sources */,
				4088CEBF272A74030071134E /* HorizontalToolbar.swift in Sources */,
				40C8DE2527259F5300B8C5FC /* AppDelegate.swift in Sources */,
				40C8DE2727259F5300B8C5FC /* SceneDelegate.swift in Sources */,
				40F92B82272BD7B10085224E /* BreadViewController.swift in Sources */,
				40F92B80272BD7880085224E /* FixedHorizontalToolbar.swift in Sources */,
				40F758A0272B053A000ADD4F /* ColorFilterToolbarViewController.swift in Sources */,
				40F7589E272AFA5A000ADD4F /* CircleCell.swift.swift in Sources */,
				40C8DE2F27259F5300B8C5FC /* MemoryBread.xcdatamodeld in Sources */,
			);
			runOnlyForDeploymentPostprocessing = 0;
		};
/* End PBXSourcesBuildPhase section */

/* Begin PBXVariantGroup section */
		40C8DE2A27259F5300B8C5FC /* Main.storyboard */ = {
			isa = PBXVariantGroup;
			children = (
				40C8DE2B27259F5300B8C5FC /* Base */,
			);
			name = Main.storyboard;
			sourceTree = "<group>";
		};
		40C8DE3227259F5500B8C5FC /* LaunchScreen.storyboard */ = {
			isa = PBXVariantGroup;
			children = (
				40C8DE3327259F5500B8C5FC /* Base */,
			);
			name = LaunchScreen.storyboard;
			sourceTree = "<group>";
		};
/* End PBXVariantGroup section */

/* Begin XCBuildConfiguration section */
		40C8DE3627259F5500B8C5FC /* Debug */ = {
			isa = XCBuildConfiguration;
			buildSettings = {
				ALWAYS_SEARCH_USER_PATHS = NO;
				CLANG_ANALYZER_NONNULL = YES;
				CLANG_ANALYZER_NUMBER_OBJECT_CONVERSION = YES_AGGRESSIVE;
				CLANG_CXX_LANGUAGE_STANDARD = "gnu++17";
				CLANG_CXX_LIBRARY = "libc++";
				CLANG_ENABLE_MODULES = YES;
				CLANG_ENABLE_OBJC_ARC = YES;
				CLANG_ENABLE_OBJC_WEAK = YES;
				CLANG_WARN_BLOCK_CAPTURE_AUTORELEASING = YES;
				CLANG_WARN_BOOL_CONVERSION = YES;
				CLANG_WARN_COMMA = YES;
				CLANG_WARN_CONSTANT_CONVERSION = YES;
				CLANG_WARN_DEPRECATED_OBJC_IMPLEMENTATIONS = YES;
				CLANG_WARN_DIRECT_OBJC_ISA_USAGE = YES_ERROR;
				CLANG_WARN_DOCUMENTATION_COMMENTS = YES;
				CLANG_WARN_EMPTY_BODY = YES;
				CLANG_WARN_ENUM_CONVERSION = YES;
				CLANG_WARN_INFINITE_RECURSION = YES;
				CLANG_WARN_INT_CONVERSION = YES;
				CLANG_WARN_NON_LITERAL_NULL_CONVERSION = YES;
				CLANG_WARN_OBJC_IMPLICIT_RETAIN_SELF = YES;
				CLANG_WARN_OBJC_LITERAL_CONVERSION = YES;
				CLANG_WARN_OBJC_ROOT_CLASS = YES_ERROR;
				CLANG_WARN_QUOTED_INCLUDE_IN_FRAMEWORK_HEADER = YES;
				CLANG_WARN_RANGE_LOOP_ANALYSIS = YES;
				CLANG_WARN_STRICT_PROTOTYPES = YES;
				CLANG_WARN_SUSPICIOUS_MOVE = YES;
				CLANG_WARN_UNGUARDED_AVAILABILITY = YES_AGGRESSIVE;
				CLANG_WARN_UNREACHABLE_CODE = YES;
				CLANG_WARN__DUPLICATE_METHOD_MATCH = YES;
				COPY_PHASE_STRIP = NO;
				DEBUG_INFORMATION_FORMAT = dwarf;
				ENABLE_STRICT_OBJC_MSGSEND = YES;
				ENABLE_TESTABILITY = YES;
				GCC_C_LANGUAGE_STANDARD = gnu11;
				GCC_DYNAMIC_NO_PIC = NO;
				GCC_NO_COMMON_BLOCKS = YES;
				GCC_OPTIMIZATION_LEVEL = 0;
				GCC_PREPROCESSOR_DEFINITIONS = (
					"DEBUG=1",
					"$(inherited)",
				);
				GCC_WARN_64_TO_32_BIT_CONVERSION = YES;
				GCC_WARN_ABOUT_RETURN_TYPE = YES_ERROR;
				GCC_WARN_UNDECLARED_SELECTOR = YES;
				GCC_WARN_UNINITIALIZED_AUTOS = YES_AGGRESSIVE;
				GCC_WARN_UNUSED_FUNCTION = YES;
				GCC_WARN_UNUSED_VARIABLE = YES;
				IPHONEOS_DEPLOYMENT_TARGET = 15.0;
				MTL_ENABLE_DEBUG_INFO = INCLUDE_SOURCE;
				MTL_FAST_MATH = YES;
				ONLY_ACTIVE_ARCH = YES;
				SDKROOT = iphoneos;
				SWIFT_ACTIVE_COMPILATION_CONDITIONS = DEBUG;
				SWIFT_OPTIMIZATION_LEVEL = "-Onone";
			};
			name = Debug;
		};
		40C8DE3727259F5500B8C5FC /* Release */ = {
			isa = XCBuildConfiguration;
			buildSettings = {
				ALWAYS_SEARCH_USER_PATHS = NO;
				CLANG_ANALYZER_NONNULL = YES;
				CLANG_ANALYZER_NUMBER_OBJECT_CONVERSION = YES_AGGRESSIVE;
				CLANG_CXX_LANGUAGE_STANDARD = "gnu++17";
				CLANG_CXX_LIBRARY = "libc++";
				CLANG_ENABLE_MODULES = YES;
				CLANG_ENABLE_OBJC_ARC = YES;
				CLANG_ENABLE_OBJC_WEAK = YES;
				CLANG_WARN_BLOCK_CAPTURE_AUTORELEASING = YES;
				CLANG_WARN_BOOL_CONVERSION = YES;
				CLANG_WARN_COMMA = YES;
				CLANG_WARN_CONSTANT_CONVERSION = YES;
				CLANG_WARN_DEPRECATED_OBJC_IMPLEMENTATIONS = YES;
				CLANG_WARN_DIRECT_OBJC_ISA_USAGE = YES_ERROR;
				CLANG_WARN_DOCUMENTATION_COMMENTS = YES;
				CLANG_WARN_EMPTY_BODY = YES;
				CLANG_WARN_ENUM_CONVERSION = YES;
				CLANG_WARN_INFINITE_RECURSION = YES;
				CLANG_WARN_INT_CONVERSION = YES;
				CLANG_WARN_NON_LITERAL_NULL_CONVERSION = YES;
				CLANG_WARN_OBJC_IMPLICIT_RETAIN_SELF = YES;
				CLANG_WARN_OBJC_LITERAL_CONVERSION = YES;
				CLANG_WARN_OBJC_ROOT_CLASS = YES_ERROR;
				CLANG_WARN_QUOTED_INCLUDE_IN_FRAMEWORK_HEADER = YES;
				CLANG_WARN_RANGE_LOOP_ANALYSIS = YES;
				CLANG_WARN_STRICT_PROTOTYPES = YES;
				CLANG_WARN_SUSPICIOUS_MOVE = YES;
				CLANG_WARN_UNGUARDED_AVAILABILITY = YES_AGGRESSIVE;
				CLANG_WARN_UNREACHABLE_CODE = YES;
				CLANG_WARN__DUPLICATE_METHOD_MATCH = YES;
				COPY_PHASE_STRIP = NO;
				DEBUG_INFORMATION_FORMAT = "dwarf-with-dsym";
				ENABLE_NS_ASSERTIONS = NO;
				ENABLE_STRICT_OBJC_MSGSEND = YES;
				GCC_C_LANGUAGE_STANDARD = gnu11;
				GCC_NO_COMMON_BLOCKS = YES;
				GCC_WARN_64_TO_32_BIT_CONVERSION = YES;
				GCC_WARN_ABOUT_RETURN_TYPE = YES_ERROR;
				GCC_WARN_UNDECLARED_SELECTOR = YES;
				GCC_WARN_UNINITIALIZED_AUTOS = YES_AGGRESSIVE;
				GCC_WARN_UNUSED_FUNCTION = YES;
				GCC_WARN_UNUSED_VARIABLE = YES;
				IPHONEOS_DEPLOYMENT_TARGET = 15.0;
				MTL_ENABLE_DEBUG_INFO = NO;
				MTL_FAST_MATH = YES;
				SDKROOT = iphoneos;
				SWIFT_COMPILATION_MODE = wholemodule;
				SWIFT_OPTIMIZATION_LEVEL = "-O";
				VALIDATE_PRODUCT = YES;
			};
			name = Release;
		};
		40C8DE3927259F5500B8C5FC /* Debug */ = {
			isa = XCBuildConfiguration;
			buildSettings = {
				ASSETCATALOG_COMPILER_APPICON_NAME = AppIcon;
				ASSETCATALOG_COMPILER_GLOBAL_ACCENT_COLOR_NAME = AccentColor;
				CODE_SIGN_STYLE = Automatic;
				CURRENT_PROJECT_VERSION = 1;
				DEVELOPMENT_TEAM = YJQB6Z2VPH;
				GENERATE_INFOPLIST_FILE = YES;
				INFOPLIST_FILE = MemoryBread/Info.plist;
				INFOPLIST_KEY_UIApplicationSupportsIndirectInputEvents = YES;
				INFOPLIST_KEY_UILaunchStoryboardName = LaunchScreen;
				INFOPLIST_KEY_UIMainStoryboardFile = Main;
				INFOPLIST_KEY_UISupportedInterfaceOrientations_iPad = "UIInterfaceOrientationPortrait UIInterfaceOrientationPortraitUpsideDown UIInterfaceOrientationLandscapeLeft UIInterfaceOrientationLandscapeRight";
				INFOPLIST_KEY_UISupportedInterfaceOrientations_iPhone = "UIInterfaceOrientationPortrait UIInterfaceOrientationLandscapeLeft UIInterfaceOrientationLandscapeRight";
				LD_RUNPATH_SEARCH_PATHS = (
					"$(inherited)",
					"@executable_path/Frameworks",
				);
				MARKETING_VERSION = 1.0;
				PRODUCT_BUNDLE_IDENTIFIER = com.sweethoneybee.MemoryBread;
				PRODUCT_NAME = "$(TARGET_NAME)";
				SWIFT_EMIT_LOC_STRINGS = YES;
				SWIFT_VERSION = 5.0;
				TARGETED_DEVICE_FAMILY = "1,2";
			};
			name = Debug;
		};
		40C8DE3A27259F5500B8C5FC /* Release */ = {
			isa = XCBuildConfiguration;
			buildSettings = {
				ASSETCATALOG_COMPILER_APPICON_NAME = AppIcon;
				ASSETCATALOG_COMPILER_GLOBAL_ACCENT_COLOR_NAME = AccentColor;
				CODE_SIGN_STYLE = Automatic;
				CURRENT_PROJECT_VERSION = 1;
				DEVELOPMENT_TEAM = YJQB6Z2VPH;
				GENERATE_INFOPLIST_FILE = YES;
				INFOPLIST_FILE = MemoryBread/Info.plist;
				INFOPLIST_KEY_UIApplicationSupportsIndirectInputEvents = YES;
				INFOPLIST_KEY_UILaunchStoryboardName = LaunchScreen;
				INFOPLIST_KEY_UIMainStoryboardFile = Main;
				INFOPLIST_KEY_UISupportedInterfaceOrientations_iPad = "UIInterfaceOrientationPortrait UIInterfaceOrientationPortraitUpsideDown UIInterfaceOrientationLandscapeLeft UIInterfaceOrientationLandscapeRight";
				INFOPLIST_KEY_UISupportedInterfaceOrientations_iPhone = "UIInterfaceOrientationPortrait UIInterfaceOrientationLandscapeLeft UIInterfaceOrientationLandscapeRight";
				LD_RUNPATH_SEARCH_PATHS = (
					"$(inherited)",
					"@executable_path/Frameworks",
				);
				MARKETING_VERSION = 1.0;
				PRODUCT_BUNDLE_IDENTIFIER = com.sweethoneybee.MemoryBread;
				PRODUCT_NAME = "$(TARGET_NAME)";
				SWIFT_EMIT_LOC_STRINGS = YES;
				SWIFT_VERSION = 5.0;
				TARGETED_DEVICE_FAMILY = "1,2";
			};
			name = Release;
		};
/* End XCBuildConfiguration section */

/* Begin XCConfigurationList section */
		40C8DE1C27259F5300B8C5FC /* Build configuration list for PBXProject "MemoryBread" */ = {
			isa = XCConfigurationList;
			buildConfigurations = (
				40C8DE3627259F5500B8C5FC /* Debug */,
				40C8DE3727259F5500B8C5FC /* Release */,
			);
			defaultConfigurationIsVisible = 0;
			defaultConfigurationName = Release;
		};
		40C8DE3827259F5500B8C5FC /* Build configuration list for PBXNativeTarget "MemoryBread" */ = {
			isa = XCConfigurationList;
			buildConfigurations = (
				40C8DE3927259F5500B8C5FC /* Debug */,
				40C8DE3A27259F5500B8C5FC /* Release */,
			);
			defaultConfigurationIsVisible = 0;
			defaultConfigurationName = Release;
		};
/* End XCConfigurationList section */

/* Begin XCRemoteSwiftPackageReference section */
		40C8DE3B27259F6700B8C5FC /* XCRemoteSwiftPackageReference "SnapKit" */ = {
			isa = XCRemoteSwiftPackageReference;
			repositoryURL = "https://github.com/SnapKit/SnapKit.git";
			requirement = {
				branch = develop;
				kind = branch;
			};
		};
		40C8DE3E27259F7300B8C5FC /* XCRemoteSwiftPackageReference "Then" */ = {
			isa = XCRemoteSwiftPackageReference;
			repositoryURL = "https://github.com/devxoul/Then";
			requirement = {
				branch = master;
				kind = branch;
			};
		};
/* End XCRemoteSwiftPackageReference section */

/* Begin XCSwiftPackageProductDependency section */
		40C8DE3C27259F6700B8C5FC /* SnapKit */ = {
			isa = XCSwiftPackageProductDependency;
			package = 40C8DE3B27259F6700B8C5FC /* XCRemoteSwiftPackageReference "SnapKit" */;
			productName = SnapKit;
		};
		40C8DE3F27259F7300B8C5FC /* Then */ = {
			isa = XCSwiftPackageProductDependency;
			package = 40C8DE3E27259F7300B8C5FC /* XCRemoteSwiftPackageReference "Then" */;
			productName = Then;
		};
/* End XCSwiftPackageProductDependency section */

/* Begin XCVersionGroup section */
		40C8DE2D27259F5300B8C5FC /* MemoryBread.xcdatamodeld */ = {
			isa = XCVersionGroup;
			children = (
				40C8DE2E27259F5300B8C5FC /* MemoryBread.xcdatamodel */,
			);
			currentVersion = 40C8DE2E27259F5300B8C5FC /* MemoryBread.xcdatamodel */;
			path = MemoryBread.xcdatamodeld;
			sourceTree = "<group>";
			versionGroupType = wrapper.xcdatamodel;
		};
/* End XCVersionGroup section */
	};
	rootObject = 40C8DE1927259F5300B8C5FC /* Project object */;
}
